// !$*UTF8*$!
{
	archiveVersion = 1;
	classes = {
	};
	objectVersion = 51;
	objects = {

/* Begin PBXBuildFile section */
		870B9D6B240DDDD0006EB3EC /* LaunchScreenViewController.swift in Sources */ = {isa = PBXBuildFile; fileRef = 870B9D6A240DDDD0006EB3EC /* LaunchScreenViewController.swift */; };
		871397CB23FCBC5900FB7732 /* SpecializationController.swift in Sources */ = {isa = PBXBuildFile; fileRef = 871397C923FCBC5900FB7732 /* SpecializationController.swift */; };
		871397CF23FCBF3800FB7732 /* SpecializationCell.swift in Sources */ = {isa = PBXBuildFile; fileRef = 871397CD23FCBF3800FB7732 /* SpecializationCell.swift */; };
		871D175223C8F6350095C765 /* AppDelegate.swift in Sources */ = {isa = PBXBuildFile; fileRef = 871D175123C8F6350095C765 /* AppDelegate.swift */; };
		871D175423C8F6350095C765 /* SceneDelegate.swift in Sources */ = {isa = PBXBuildFile; fileRef = 871D175323C8F6350095C765 /* SceneDelegate.swift */; };
		871D175923C8F6350095C765 /* Main.storyboard in Resources */ = {isa = PBXBuildFile; fileRef = 871D175723C8F6350095C765 /* Main.storyboard */; };
		871D175B23C8F6360095C765 /* Assets.xcassets in Resources */ = {isa = PBXBuildFile; fileRef = 871D175A23C8F6360095C765 /* Assets.xcassets */; };
		871D175E23C8F6360095C765 /* LaunchScreen.storyboard in Resources */ = {isa = PBXBuildFile; fileRef = 871D175C23C8F6360095C765 /* LaunchScreen.storyboard */; };
		87200B26249B9D850008C6C4 /* EmployerVacancyCell.swift in Sources */ = {isa = PBXBuildFile; fileRef = 87200B25249B9D850008C6C4 /* EmployerVacancyCell.swift */; };
		87200B2A249D7F770008C6C4 /* FavoritesVacanciesController.swift in Sources */ = {isa = PBXBuildFile; fileRef = 87200B29249D7F770008C6C4 /* FavoritesVacanciesController.swift */; };
		8726159F2486CF1600BFC88D /* Extension + UITableView.swift in Sources */ = {isa = PBXBuildFile; fileRef = 8726159E2486CF1600BFC88D /* Extension + UITableView.swift */; };
		872615A62487EB1300BFC88D /* TitleVacansyController.swift in Sources */ = {isa = PBXBuildFile; fileRef = 872615A52487EB1300BFC88D /* TitleVacansyController.swift */; };
		872615AA2487EB8E00BFC88D /* ContentVacansyController.swift in Sources */ = {isa = PBXBuildFile; fileRef = 872615A92487EB8E00BFC88D /* ContentVacansyController.swift */; };
		872615AC2487EBB500BFC88D /* PaymentController.swift in Sources */ = {isa = PBXBuildFile; fileRef = 872615AB2487EBB500BFC88D /* PaymentController.swift */; };
		87329D01240463EB0089E9EF /* ModelUsers.swift in Sources */ = {isa = PBXBuildFile; fileRef = 87329D00240463EB0089E9EF /* ModelUsers.swift */; };
		8748AA1124A8D9010006C40E /* FavoriteVacancyCell.swift in Sources */ = {isa = PBXBuildFile; fileRef = 8748AA1024A8D9010006C40E /* FavoriteVacancyCell.swift */; };
		875F6A41243602F1002C652D /* MessageViewController.swift in Sources */ = {isa = PBXBuildFile; fileRef = 875F6A40243602F1002C652D /* MessageViewController.swift */; };
		875F6A432436037D002C652D /* MessageCell.swift in Sources */ = {isa = PBXBuildFile; fileRef = 875F6A422436037D002C652D /* MessageCell.swift */; };
		875F6A452436065D002C652D /* ChatViewController.swift in Sources */ = {isa = PBXBuildFile; fileRef = 875F6A442436065D002C652D /* ChatViewController.swift */; };
		8764F347248EBE610041E96B /* ExperienceUserController.swift in Sources */ = {isa = PBXBuildFile; fileRef = 8764F346248EBE610041E96B /* ExperienceUserController.swift */; };
		8764F349248EBF170041E96B /* AdditionaInfolUserController.swift in Sources */ = {isa = PBXBuildFile; fileRef = 8764F348248EBF170041E96B /* AdditionaInfolUserController.swift */; };
		8764F34C24913BE70041E96B /* CreateExperianceController.swift in Sources */ = {isa = PBXBuildFile; fileRef = 8764F34B24913BE70041E96B /* CreateExperianceController.swift */; };
		8764F34E249671DF0041E96B /* ExperienceUserCell.swift in Sources */ = {isa = PBXBuildFile; fileRef = 8764F34D249671DF0041E96B /* ExperienceUserCell.swift */; };
		8764F3502496902B0041E96B /* SelectProfessionController.swift in Sources */ = {isa = PBXBuildFile; fileRef = 8764F34F2496902B0041E96B /* SelectProfessionController.swift */; };
		8764F352249696D90041E96B /* SelectProfessionCell.swift in Sources */ = {isa = PBXBuildFile; fileRef = 8764F351249696D90041E96B /* SelectProfessionCell.swift */; };
		876BA35424A636D8005655DF /* EmployerVacancyController.swift in Sources */ = {isa = PBXBuildFile; fileRef = 876BA35324A636D8005655DF /* EmployerVacancyController.swift */; };
		876BA35624A69692005655DF /* CustomNoticeView.swift in Sources */ = {isa = PBXBuildFile; fileRef = 876BA35524A69692005655DF /* CustomNoticeView.swift */; };
		8780AC05249A393500496C61 /* ProfileUserController.swift in Sources */ = {isa = PBXBuildFile; fileRef = 8780AC04249A393500496C61 /* ProfileUserController.swift */; };
		8780AC07249A3A9900496C61 /* ProfileUserCell.swift in Sources */ = {isa = PBXBuildFile; fileRef = 8780AC06249A3A9900496C61 /* ProfileUserCell.swift */; };
		8780AC09249A476300496C61 /* UserDescriptionCell.swift in Sources */ = {isa = PBXBuildFile; fileRef = 8780AC08249A476300496C61 /* UserDescriptionCell.swift */; };
		879F599023F9797A00D4D124 /* TabBarController.swift in Sources */ = {isa = PBXBuildFile; fileRef = 879F598F23F9797A00D4D124 /* TabBarController.swift */; };
		879F599223F99A6900D4D124 /* NavigationController.swift in Sources */ = {isa = PBXBuildFile; fileRef = 879F599123F99A6900D4D124 /* NavigationController.swift */; };
		879F599423F99F0D00D4D124 /* LoginAccountViewController.swift in Sources */ = {isa = PBXBuildFile; fileRef = 879F599323F99F0D00D4D124 /* LoginAccountViewController.swift */; };
		879F599723F9A0A400D4D124 /* RegisterAccountController.swift in Sources */ = {isa = PBXBuildFile; fileRef = 879F599623F9A0A400D4D124 /* RegisterAccountController.swift */; };
		87B63FF924896142001911DC /* MainViewController.swift in Sources */ = {isa = PBXBuildFile; fileRef = 87B63FF824896142001911DC /* MainViewController.swift */; };
		87B63FFB2489625C001911DC /* VacanciesCell.swift in Sources */ = {isa = PBXBuildFile; fileRef = 87B63FFA2489625C001911DC /* VacanciesCell.swift */; };
		87B865BB2474272C001CBCEE /* Extension + String.swift in Sources */ = {isa = PBXBuildFile; fileRef = 87B865BA2474272C001CBCEE /* Extension + String.swift */; };
		87B865BD24742740001CBCEE /* Extension + Date.swift in Sources */ = {isa = PBXBuildFile; fileRef = 87B865BC24742740001CBCEE /* Extension + Date.swift */; };
		87B865BF24742752001CBCEE /* Extension + UILabel.swift in Sources */ = {isa = PBXBuildFile; fileRef = 87B865BE24742752001CBCEE /* Extension + UILabel.swift */; };
		87B865C124742761001CBCEE /* Extension + UIButton.swift in Sources */ = {isa = PBXBuildFile; fileRef = 87B865C024742761001CBCEE /* Extension + UIButton.swift */; };
		87B865C324742771001CBCEE /* Extension + UITextField.swift in Sources */ = {isa = PBXBuildFile; fileRef = 87B865C224742771001CBCEE /* Extension + UITextField.swift */; };
		87B865C5247427D0001CBCEE /* Extension + UITextView.swift in Sources */ = {isa = PBXBuildFile; fileRef = 87B865C4247427D0001CBCEE /* Extension + UITextView.swift */; };
		87B865C724742806001CBCEE /* Extension + UIView.swift in Sources */ = {isa = PBXBuildFile; fileRef = 87B865C624742806001CBCEE /* Extension + UIView.swift */; };
		87B865C924742845001CBCEE /* Extension + UIImageView.swift in Sources */ = {isa = PBXBuildFile; fileRef = 87B865C824742845001CBCEE /* Extension + UIImageView.swift */; };
		87B865CB247429B5001CBCEE /* Extension + UIViewController.swift in Sources */ = {isa = PBXBuildFile; fileRef = 87B865CA247429B5001CBCEE /* Extension + UIViewController.swift */; };
		87B865D324784817001CBCEE /* ChooseStatusController.swift in Sources */ = {isa = PBXBuildFile; fileRef = 87B865D224784817001CBCEE /* ChooseStatusController.swift */; };
		87B865D7247D5BB9001CBCEE /* Extension + NavigationBar.swift in Sources */ = {isa = PBXBuildFile; fileRef = 87B865D6247D5BB9001CBCEE /* Extension + NavigationBar.swift */; };
		87BB3BA223F9D691004F3C61 /* CategoriesController.swift in Sources */ = {isa = PBXBuildFile; fileRef = 87BB3BA123F9D691004F3C61 /* CategoriesController.swift */; };
		87C13F0D24A11A9800F1E857 /* CategoriesLoaderAPI.swift in Sources */ = {isa = PBXBuildFile; fileRef = 87C13F0C24A11A9800F1E857 /* CategoriesLoaderAPI.swift */; };
		87C13F0F24A148A200F1E857 /* MenuCollectionCell.swift in Sources */ = {isa = PBXBuildFile; fileRef = 87C13F0E24A148A200F1E857 /* MenuCollectionCell.swift */; };
		87C9097223FB0B4E00C262FC /* ModelCategories.swift in Sources */ = {isa = PBXBuildFile; fileRef = 87C9097123FB0B4E00C262FC /* ModelCategories.swift */; };
		87C9097423FB1FA700C262FC /* CategoryCell.swift in Sources */ = {isa = PBXBuildFile; fileRef = 87C9097323FB1FA700C262FC /* CategoryCell.swift */; };
		87D05227245C978F000B2F61 /* Cities.json in Resources */ = {isa = PBXBuildFile; fileRef = 87D05226245C978F000B2F61 /* Cities.json */; };
		87D05254245D9723000B2F61 /* ModelCities.swift in Sources */ = {isa = PBXBuildFile; fileRef = 87D05253245D9723000B2F61 /* ModelCities.swift */; };
		87D05257245D978E000B2F61 /* CitiesLoaderAPI.swift in Sources */ = {isa = PBXBuildFile; fileRef = 87D05256245D978E000B2F61 /* CitiesLoaderAPI.swift */; };
		87D65A0A240816A20093D75F /* GoogleService-Info.plist in Resources */ = {isa = PBXBuildFile; fileRef = 87D65A09240816A10093D75F /* GoogleService-Info.plist */; };
		87E9CAD624AB8AF90072C120 /* DetailVacancyController.swift in Sources */ = {isa = PBXBuildFile; fileRef = 87E9CAD524AB8AF90072C120 /* DetailVacancyController.swift */; };
		87E9CAD824AB94530072C120 /* DetailVacancyCell.swift in Sources */ = {isa = PBXBuildFile; fileRef = 87E9CAD724AB94530072C120 /* DetailVacancyCell.swift */; };
		87E9CADA24ABA3CE0072C120 /* DetailVacancyContentCell.swift in Sources */ = {isa = PBXBuildFile; fileRef = 87E9CAD924ABA3CE0072C120 /* DetailVacancyContentCell.swift */; };
		87E9CADC24ABA3FF0072C120 /* DetailCountViewCell.swift in Sources */ = {isa = PBXBuildFile; fileRef = 87E9CADB24ABA3FF0072C120 /* DetailCountViewCell.swift */; };
		87E9CADF24ABF82F0072C120 /* FavoriteVacancy.swift in Sources */ = {isa = PBXBuildFile; fileRef = 87E9CADE24ABF82F0072C120 /* FavoriteVacancy.swift */; };
		87F497532461A32E009B25A0 /* ProfessionsController.swift in Sources */ = {isa = PBXBuildFile; fileRef = 87F497522461A32E009B25A0 /* ProfessionsController.swift */; };
		87F497552461A368009B25A0 /* ProfessionCell.swift in Sources */ = {isa = PBXBuildFile; fileRef = 87F497542461A368009B25A0 /* ProfessionCell.swift */; };
		87F4975A24645EDC009B25A0 /* CheckNetworkConnectivity.swift in Sources */ = {isa = PBXBuildFile; fileRef = 87F4975924645EDC009B25A0 /* CheckNetworkConnectivity.swift */; };
		87F4975C246482A2009B25A0 /* ShowErrorMethod.swift in Sources */ = {isa = PBXBuildFile; fileRef = 87F4975B246482A2009B25A0 /* ShowErrorMethod.swift */; };
		87F497802464A743009B25A0 /* Validators.swift in Sources */ = {isa = PBXBuildFile; fileRef = 87F4977F2464A743009B25A0 /* Validators.swift */; };
		87F497822464A803009B25A0 /* AuthError.swift in Sources */ = {isa = PBXBuildFile; fileRef = 87F497812464A803009B25A0 /* AuthError.swift */; };
		87F4978524675721009B25A0 /* ImageService.swift in Sources */ = {isa = PBXBuildFile; fileRef = 87F4978424675721009B25A0 /* ImageService.swift */; };
		87F4978724676725009B25A0 /* FirebaseServices.swift in Sources */ = {isa = PBXBuildFile; fileRef = 87F4978624676725009B25A0 /* FirebaseServices.swift */; };
		87F68A6C23EF2C8C00D4C454 /* ModelVacancies.swift in Sources */ = {isa = PBXBuildFile; fileRef = 87F68A6B23EF2C8C00D4C454 /* ModelVacancies.swift */; };
		87F7A7CA246E03F10070B1FD /* ModelCurrentUser.swift in Sources */ = {isa = PBXBuildFile; fileRef = 87F7A7C9246E03F10070B1FD /* ModelCurrentUser.swift */; };
		87F84F5B246B2226002AC050 /* DetailVacansyViewController.swift in Sources */ = {isa = PBXBuildFile; fileRef = 87F84F5A246B2226002AC050 /* DetailVacansyViewController.swift */; };
		87FFD9AF24257A2E00A8ECE7 /* EditAccountViewController.swift in Sources */ = {isa = PBXBuildFile; fileRef = 87FFD9AE24257A2E00A8ECE7 /* EditAccountViewController.swift */; };
		FAB96E1FEE3EDF12559C97E1 /* Pods_TapWork.framework in Frameworks */ = {isa = PBXBuildFile; fileRef = 96DE5FD1B171A263ADB1953C /* Pods_TapWork.framework */; };
/* End PBXBuildFile section */

/* Begin PBXFileReference section */
		350CE8BA8C3B942105F6513A /* Pods-TapWork.release.xcconfig */ = {isa = PBXFileReference; includeInIndex = 1; lastKnownFileType = text.xcconfig; name = "Pods-TapWork.release.xcconfig"; path = "Target Support Files/Pods-TapWork/Pods-TapWork.release.xcconfig"; sourceTree = "<group>"; };
		870B9D6A240DDDD0006EB3EC /* LaunchScreenViewController.swift */ = {isa = PBXFileReference; lastKnownFileType = sourcecode.swift; path = LaunchScreenViewController.swift; sourceTree = "<group>"; };
		871397C923FCBC5900FB7732 /* SpecializationController.swift */ = {isa = PBXFileReference; lastKnownFileType = sourcecode.swift; path = SpecializationController.swift; sourceTree = "<group>"; };
		871397CD23FCBF3800FB7732 /* SpecializationCell.swift */ = {isa = PBXFileReference; lastKnownFileType = sourcecode.swift; path = SpecializationCell.swift; sourceTree = "<group>"; };
		871D174E23C8F6350095C765 /* TapWork.app */ = {isa = PBXFileReference; explicitFileType = wrapper.application; includeInIndex = 0; path = TapWork.app; sourceTree = BUILT_PRODUCTS_DIR; };
		871D175123C8F6350095C765 /* AppDelegate.swift */ = {isa = PBXFileReference; lastKnownFileType = sourcecode.swift; path = AppDelegate.swift; sourceTree = "<group>"; };
		871D175323C8F6350095C765 /* SceneDelegate.swift */ = {isa = PBXFileReference; lastKnownFileType = sourcecode.swift; path = SceneDelegate.swift; sourceTree = "<group>"; };
		871D175823C8F6350095C765 /* Base */ = {isa = PBXFileReference; lastKnownFileType = file.storyboard; name = Base; path = Base.lproj/Main.storyboard; sourceTree = "<group>"; };
		871D175A23C8F6360095C765 /* Assets.xcassets */ = {isa = PBXFileReference; lastKnownFileType = folder.assetcatalog; path = Assets.xcassets; sourceTree = "<group>"; };
		871D175D23C8F6360095C765 /* Base */ = {isa = PBXFileReference; lastKnownFileType = file.storyboard; name = Base; path = Base.lproj/LaunchScreen.storyboard; sourceTree = "<group>"; };
		871D175F23C8F6360095C765 /* Info.plist */ = {isa = PBXFileReference; lastKnownFileType = text.plist.xml; path = Info.plist; sourceTree = "<group>"; };
		87200B25249B9D850008C6C4 /* EmployerVacancyCell.swift */ = {isa = PBXFileReference; lastKnownFileType = sourcecode.swift; path = EmployerVacancyCell.swift; sourceTree = "<group>"; };
		87200B29249D7F770008C6C4 /* FavoritesVacanciesController.swift */ = {isa = PBXFileReference; lastKnownFileType = sourcecode.swift; path = FavoritesVacanciesController.swift; sourceTree = "<group>"; };
		8726159E2486CF1600BFC88D /* Extension + UITableView.swift */ = {isa = PBXFileReference; lastKnownFileType = sourcecode.swift; path = "Extension + UITableView.swift"; sourceTree = "<group>"; };
		872615A52487EB1300BFC88D /* TitleVacansyController.swift */ = {isa = PBXFileReference; lastKnownFileType = sourcecode.swift; path = TitleVacansyController.swift; sourceTree = "<group>"; };
		872615A92487EB8E00BFC88D /* ContentVacansyController.swift */ = {isa = PBXFileReference; lastKnownFileType = sourcecode.swift; path = ContentVacansyController.swift; sourceTree = "<group>"; };
		872615AB2487EBB500BFC88D /* PaymentController.swift */ = {isa = PBXFileReference; lastKnownFileType = sourcecode.swift; path = PaymentController.swift; sourceTree = "<group>"; };
		87329D00240463EB0089E9EF /* ModelUsers.swift */ = {isa = PBXFileReference; lastKnownFileType = sourcecode.swift; path = ModelUsers.swift; sourceTree = "<group>"; };
		8748AA1024A8D9010006C40E /* FavoriteVacancyCell.swift */ = {isa = PBXFileReference; lastKnownFileType = sourcecode.swift; path = FavoriteVacancyCell.swift; sourceTree = "<group>"; };
		875F6A40243602F1002C652D /* MessageViewController.swift */ = {isa = PBXFileReference; lastKnownFileType = sourcecode.swift; path = MessageViewController.swift; sourceTree = "<group>"; };
		875F6A422436037D002C652D /* MessageCell.swift */ = {isa = PBXFileReference; lastKnownFileType = sourcecode.swift; path = MessageCell.swift; sourceTree = "<group>"; };
		875F6A442436065D002C652D /* ChatViewController.swift */ = {isa = PBXFileReference; lastKnownFileType = sourcecode.swift; path = ChatViewController.swift; sourceTree = "<group>"; };
		8764F346248EBE610041E96B /* ExperienceUserController.swift */ = {isa = PBXFileReference; lastKnownFileType = sourcecode.swift; path = ExperienceUserController.swift; sourceTree = "<group>"; };
		8764F348248EBF170041E96B /* AdditionaInfolUserController.swift */ = {isa = PBXFileReference; lastKnownFileType = sourcecode.swift; path = AdditionaInfolUserController.swift; sourceTree = "<group>"; };
		8764F34B24913BE70041E96B /* CreateExperianceController.swift */ = {isa = PBXFileReference; lastKnownFileType = sourcecode.swift; path = CreateExperianceController.swift; sourceTree = "<group>"; };
		8764F34D249671DF0041E96B /* ExperienceUserCell.swift */ = {isa = PBXFileReference; lastKnownFileType = sourcecode.swift; path = ExperienceUserCell.swift; sourceTree = "<group>"; };
		8764F34F2496902B0041E96B /* SelectProfessionController.swift */ = {isa = PBXFileReference; lastKnownFileType = sourcecode.swift; path = SelectProfessionController.swift; sourceTree = "<group>"; };
		8764F351249696D90041E96B /* SelectProfessionCell.swift */ = {isa = PBXFileReference; lastKnownFileType = sourcecode.swift; path = SelectProfessionCell.swift; sourceTree = "<group>"; };
		876BA35324A636D8005655DF /* EmployerVacancyController.swift */ = {isa = PBXFileReference; lastKnownFileType = sourcecode.swift; path = EmployerVacancyController.swift; sourceTree = "<group>"; };
		876BA35524A69692005655DF /* CustomNoticeView.swift */ = {isa = PBXFileReference; lastKnownFileType = sourcecode.swift; path = CustomNoticeView.swift; sourceTree = "<group>"; };
		8780AC04249A393500496C61 /* ProfileUserController.swift */ = {isa = PBXFileReference; lastKnownFileType = sourcecode.swift; path = ProfileUserController.swift; sourceTree = "<group>"; };
		8780AC06249A3A9900496C61 /* ProfileUserCell.swift */ = {isa = PBXFileReference; lastKnownFileType = sourcecode.swift; path = ProfileUserCell.swift; sourceTree = "<group>"; };
		8780AC08249A476300496C61 /* UserDescriptionCell.swift */ = {isa = PBXFileReference; lastKnownFileType = sourcecode.swift; path = UserDescriptionCell.swift; sourceTree = "<group>"; };
		879F598F23F9797A00D4D124 /* TabBarController.swift */ = {isa = PBXFileReference; lastKnownFileType = sourcecode.swift; path = TabBarController.swift; sourceTree = "<group>"; };
		879F599123F99A6900D4D124 /* NavigationController.swift */ = {isa = PBXFileReference; lastKnownFileType = sourcecode.swift; path = NavigationController.swift; sourceTree = "<group>"; };
		879F599323F99F0D00D4D124 /* LoginAccountViewController.swift */ = {isa = PBXFileReference; lastKnownFileType = sourcecode.swift; path = LoginAccountViewController.swift; sourceTree = "<group>"; };
		879F599623F9A0A400D4D124 /* RegisterAccountController.swift */ = {isa = PBXFileReference; lastKnownFileType = sourcecode.swift; path = RegisterAccountController.swift; sourceTree = "<group>"; };
		87B63FF824896142001911DC /* MainViewController.swift */ = {isa = PBXFileReference; lastKnownFileType = sourcecode.swift; path = MainViewController.swift; sourceTree = "<group>"; };
		87B63FFA2489625C001911DC /* VacanciesCell.swift */ = {isa = PBXFileReference; lastKnownFileType = sourcecode.swift; path = VacanciesCell.swift; sourceTree = "<group>"; };
		87B865BA2474272C001CBCEE /* Extension + String.swift */ = {isa = PBXFileReference; lastKnownFileType = sourcecode.swift; path = "Extension + String.swift"; sourceTree = "<group>"; };
		87B865BC24742740001CBCEE /* Extension + Date.swift */ = {isa = PBXFileReference; lastKnownFileType = sourcecode.swift; path = "Extension + Date.swift"; sourceTree = "<group>"; };
		87B865BE24742752001CBCEE /* Extension + UILabel.swift */ = {isa = PBXFileReference; lastKnownFileType = sourcecode.swift; path = "Extension + UILabel.swift"; sourceTree = "<group>"; };
		87B865C024742761001CBCEE /* Extension + UIButton.swift */ = {isa = PBXFileReference; lastKnownFileType = sourcecode.swift; path = "Extension + UIButton.swift"; sourceTree = "<group>"; };
		87B865C224742771001CBCEE /* Extension + UITextField.swift */ = {isa = PBXFileReference; lastKnownFileType = sourcecode.swift; path = "Extension + UITextField.swift"; sourceTree = "<group>"; };
		87B865C4247427D0001CBCEE /* Extension + UITextView.swift */ = {isa = PBXFileReference; lastKnownFileType = sourcecode.swift; path = "Extension + UITextView.swift"; sourceTree = "<group>"; };
		87B865C624742806001CBCEE /* Extension + UIView.swift */ = {isa = PBXFileReference; lastKnownFileType = sourcecode.swift; path = "Extension + UIView.swift"; sourceTree = "<group>"; };
		87B865C824742845001CBCEE /* Extension + UIImageView.swift */ = {isa = PBXFileReference; lastKnownFileType = sourcecode.swift; path = "Extension + UIImageView.swift"; sourceTree = "<group>"; };
		87B865CA247429B5001CBCEE /* Extension + UIViewController.swift */ = {isa = PBXFileReference; lastKnownFileType = sourcecode.swift; path = "Extension + UIViewController.swift"; sourceTree = "<group>"; };
		87B865D224784817001CBCEE /* ChooseStatusController.swift */ = {isa = PBXFileReference; lastKnownFileType = sourcecode.swift; path = ChooseStatusController.swift; sourceTree = "<group>"; };
		87B865D6247D5BB9001CBCEE /* Extension + NavigationBar.swift */ = {isa = PBXFileReference; lastKnownFileType = sourcecode.swift; path = "Extension + NavigationBar.swift"; sourceTree = "<group>"; };
		87BB3BA123F9D691004F3C61 /* CategoriesController.swift */ = {isa = PBXFileReference; lastKnownFileType = sourcecode.swift; path = CategoriesController.swift; sourceTree = "<group>"; };
		87C13F0C24A11A9800F1E857 /* CategoriesLoaderAPI.swift */ = {isa = PBXFileReference; lastKnownFileType = sourcecode.swift; path = CategoriesLoaderAPI.swift; sourceTree = "<group>"; };
		87C13F0E24A148A200F1E857 /* MenuCollectionCell.swift */ = {isa = PBXFileReference; lastKnownFileType = sourcecode.swift; path = MenuCollectionCell.swift; sourceTree = "<group>"; };
		87C9097123FB0B4E00C262FC /* ModelCategories.swift */ = {isa = PBXFileReference; lastKnownFileType = sourcecode.swift; path = ModelCategories.swift; sourceTree = "<group>"; };
		87C9097323FB1FA700C262FC /* CategoryCell.swift */ = {isa = PBXFileReference; lastKnownFileType = sourcecode.swift; path = CategoryCell.swift; sourceTree = "<group>"; };
		87D05226245C978F000B2F61 /* Cities.json */ = {isa = PBXFileReference; lastKnownFileType = text.json; path = Cities.json; sourceTree = "<group>"; };
		87D05253245D9723000B2F61 /* ModelCities.swift */ = {isa = PBXFileReference; lastKnownFileType = sourcecode.swift; path = ModelCities.swift; sourceTree = "<group>"; };
		87D05256245D978E000B2F61 /* CitiesLoaderAPI.swift */ = {isa = PBXFileReference; lastKnownFileType = sourcecode.swift; path = CitiesLoaderAPI.swift; sourceTree = "<group>"; };
		87D65A09240816A10093D75F /* GoogleService-Info.plist */ = {isa = PBXFileReference; fileEncoding = 4; lastKnownFileType = text.plist.xml; path = "GoogleService-Info.plist"; sourceTree = "<group>"; };
		87E9CAD524AB8AF90072C120 /* DetailVacancyController.swift */ = {isa = PBXFileReference; lastKnownFileType = sourcecode.swift; path = DetailVacancyController.swift; sourceTree = "<group>"; };
		87E9CAD724AB94530072C120 /* DetailVacancyCell.swift */ = {isa = PBXFileReference; lastKnownFileType = sourcecode.swift; path = DetailVacancyCell.swift; sourceTree = "<group>"; };
		87E9CAD924ABA3CE0072C120 /* DetailVacancyContentCell.swift */ = {isa = PBXFileReference; lastKnownFileType = sourcecode.swift; path = DetailVacancyContentCell.swift; sourceTree = "<group>"; };
		87E9CADB24ABA3FF0072C120 /* DetailCountViewCell.swift */ = {isa = PBXFileReference; lastKnownFileType = sourcecode.swift; path = DetailCountViewCell.swift; sourceTree = "<group>"; };
		87E9CADE24ABF82F0072C120 /* FavoriteVacancy.swift */ = {isa = PBXFileReference; lastKnownFileType = sourcecode.swift; path = FavoriteVacancy.swift; sourceTree = "<group>"; };
		87F497522461A32E009B25A0 /* ProfessionsController.swift */ = {isa = PBXFileReference; lastKnownFileType = sourcecode.swift; path = ProfessionsController.swift; sourceTree = "<group>"; };
		87F497542461A368009B25A0 /* ProfessionCell.swift */ = {isa = PBXFileReference; lastKnownFileType = sourcecode.swift; path = ProfessionCell.swift; sourceTree = "<group>"; };
		87F4975924645EDC009B25A0 /* CheckNetworkConnectivity.swift */ = {isa = PBXFileReference; lastKnownFileType = sourcecode.swift; path = CheckNetworkConnectivity.swift; sourceTree = "<group>"; };
		87F4975B246482A2009B25A0 /* ShowErrorMethod.swift */ = {isa = PBXFileReference; lastKnownFileType = sourcecode.swift; path = ShowErrorMethod.swift; sourceTree = "<group>"; };
		87F4977F2464A743009B25A0 /* Validators.swift */ = {isa = PBXFileReference; lastKnownFileType = sourcecode.swift; path = Validators.swift; sourceTree = "<group>"; };
		87F497812464A803009B25A0 /* AuthError.swift */ = {isa = PBXFileReference; lastKnownFileType = sourcecode.swift; path = AuthError.swift; sourceTree = "<group>"; };
		87F4978424675721009B25A0 /* ImageService.swift */ = {isa = PBXFileReference; lastKnownFileType = sourcecode.swift; path = ImageService.swift; sourceTree = "<group>"; };
		87F4978624676725009B25A0 /* FirebaseServices.swift */ = {isa = PBXFileReference; lastKnownFileType = sourcecode.swift; path = FirebaseServices.swift; sourceTree = "<group>"; };
		87F68A6B23EF2C8C00D4C454 /* ModelVacancies.swift */ = {isa = PBXFileReference; lastKnownFileType = sourcecode.swift; path = ModelVacancies.swift; sourceTree = "<group>"; };
		87F7A7C9246E03F10070B1FD /* ModelCurrentUser.swift */ = {isa = PBXFileReference; lastKnownFileType = sourcecode.swift; path = ModelCurrentUser.swift; sourceTree = "<group>"; };
		87F84F5A246B2226002AC050 /* DetailVacansyViewController.swift */ = {isa = PBXFileReference; lastKnownFileType = sourcecode.swift; path = DetailVacansyViewController.swift; sourceTree = "<group>"; };
		87FFD9AE24257A2E00A8ECE7 /* EditAccountViewController.swift */ = {isa = PBXFileReference; lastKnownFileType = sourcecode.swift; path = EditAccountViewController.swift; sourceTree = "<group>"; };
		96DE5FD1B171A263ADB1953C /* Pods_TapWork.framework */ = {isa = PBXFileReference; explicitFileType = wrapper.framework; includeInIndex = 0; path = Pods_TapWork.framework; sourceTree = BUILT_PRODUCTS_DIR; };
		EC08CC48E8067813AB071D7E /* Pods-TapWork.debug.xcconfig */ = {isa = PBXFileReference; includeInIndex = 1; lastKnownFileType = text.xcconfig; name = "Pods-TapWork.debug.xcconfig"; path = "Target Support Files/Pods-TapWork/Pods-TapWork.debug.xcconfig"; sourceTree = "<group>"; };
/* End PBXFileReference section */

/* Begin PBXFrameworksBuildPhase section */
		871D174B23C8F6350095C765 /* Frameworks */ = {
			isa = PBXFrameworksBuildPhase;
			buildActionMask = 2147483647;
			files = (
				FAB96E1FEE3EDF12559C97E1 /* Pods_TapWork.framework in Frameworks */,
			);
			runOnlyForDeploymentPostprocessing = 0;
		};
/* End PBXFrameworksBuildPhase section */

/* Begin PBXGroup section */
		4AA6057A0D9FC5CD6EA0F0CA /* Pods */ = {
			isa = PBXGroup;
			children = (
				EC08CC48E8067813AB071D7E /* Pods-TapWork.debug.xcconfig */,
				350CE8BA8C3B942105F6513A /* Pods-TapWork.release.xcconfig */,
			);
			path = Pods;
			sourceTree = "<group>";
		};
		870B9D67240DD478006EB3EC /* MainScreen */ = {
			isa = PBXGroup;
			children = (
				875F6A3C2435F298002C652D /* Vacancy */,
				87B63FF824896142001911DC /* MainViewController.swift */,
				876BA35324A636D8005655DF /* EmployerVacancyController.swift */,
				870B9D6A240DDDD0006EB3EC /* LaunchScreenViewController.swift */,
			);
			name = MainScreen;
			sourceTree = "<group>";
		};
		871397C723FC5E1700FB7732 /* Account */ = {
			isa = PBXGroup;
			children = (
				879F599323F99F0D00D4D124 /* LoginAccountViewController.swift */,
				879F599623F9A0A400D4D124 /* RegisterAccountController.swift */,
				87FFD9AE24257A2E00A8ECE7 /* EditAccountViewController.swift */,
				87B865D224784817001CBCEE /* ChooseStatusController.swift */,
				8780AC04249A393500496C61 /* ProfileUserController.swift */,
				8764F34A24913B730041E96B /* ProfessionData */,
				87B865CC24780A50001CBCEE /* EmployerMenu */,
			);
			path = Account;
			sourceTree = "<group>";
		};
		871D174523C8F6350095C765 = {
			isa = PBXGroup;
			children = (
				871D175023C8F6350095C765 /* TapWork */,
				871D174F23C8F6350095C765 /* Products */,
				4AA6057A0D9FC5CD6EA0F0CA /* Pods */,
				EB92BD2BD420574FCD1128ED /* Frameworks */,
			);
			sourceTree = "<group>";
		};
		871D174F23C8F6350095C765 /* Products */ = {
			isa = PBXGroup;
			children = (
				871D174E23C8F6350095C765 /* TapWork.app */,
			);
			name = Products;
			sourceTree = "<group>";
		};
		871D175023C8F6350095C765 /* TapWork */ = {
			isa = PBXGroup;
			children = (
				87F49783246756E4009B25A0 /* Services */,
				87D05255245D9764000B2F61 /* LoaderAPI */,
				875F6A392435F117002C652D /* HelperFile */,
				87FFD9B02426CD6000A8ECE7 /* Validators&Error */,
				87D65A0B240852F20093D75F /* HelperExtensions */,
				879F599523F99F2300D4D124 /* Navigation */,
				879F596623F4D00900D4D124 /* Controllers */,
				879F596723F4D02F00D4D124 /* View */,
				879F596823F4D03F00D4D124 /* Model */,
				87BD43DB2450C4CF000B6865 /* JSON */,
				871D175A23C8F6360095C765 /* Assets.xcassets */,
				871D175723C8F6350095C765 /* Main.storyboard */,
				871D175C23C8F6360095C765 /* LaunchScreen.storyboard */,
				871D175F23C8F6360095C765 /* Info.plist */,
				87D65A09240816A10093D75F /* GoogleService-Info.plist */,
			);
			path = TapWork;
			sourceTree = "<group>";
		};
		87200B28249D7F480008C6C4 /* Favorites */ = {
			isa = PBXGroup;
			children = (
				87200B29249D7F770008C6C4 /* FavoritesVacanciesController.swift */,
			);
			path = Favorites;
			sourceTree = "<group>";
		};
		872615A42487EAC900BFC88D /* CreateVacansy */ = {
			isa = PBXGroup;
			children = (
				872615A52487EB1300BFC88D /* TitleVacansyController.swift */,
				872615A92487EB8E00BFC88D /* ContentVacansyController.swift */,
				872615AB2487EBB500BFC88D /* PaymentController.swift */,
			);
			name = CreateVacansy;
			sourceTree = "<group>";
		};
		87329CFF240365950089E9EF /* Category */ = {
			isa = PBXGroup;
			children = (
				87BB3BA123F9D691004F3C61 /* CategoriesController.swift */,
				87F497522461A32E009B25A0 /* ProfessionsController.swift */,
				871397C923FCBC5900FB7732 /* SpecializationController.swift */,
			);
			name = Category;
			sourceTree = "<group>";
		};
		875F6A392435F117002C652D /* HelperFile */ = {
			isa = PBXGroup;
			children = (
				871D175123C8F6350095C765 /* AppDelegate.swift */,
				871D175323C8F6350095C765 /* SceneDelegate.swift */,
			);
			name = HelperFile;
			sourceTree = "<group>";
		};
		875F6A3C2435F298002C652D /* Vacancy */ = {
			isa = PBXGroup;
			children = (
				87F84F5A246B2226002AC050 /* DetailVacansyViewController.swift */,
				87E9CAD524AB8AF90072C120 /* DetailVacancyController.swift */,
			);
			path = Vacancy;
			sourceTree = "<group>";
		};
		875F6A3F243602D4002C652D /* Messages */ = {
			isa = PBXGroup;
			children = (
				875F6A40243602F1002C652D /* MessageViewController.swift */,
				875F6A442436065D002C652D /* ChatViewController.swift */,
			);
			name = Messages;
			sourceTree = "<group>";
		};
		8764F34A24913B730041E96B /* ProfessionData */ = {
			isa = PBXGroup;
			children = (
				8764F34B24913BE70041E96B /* CreateExperianceController.swift */,
				8764F348248EBF170041E96B /* AdditionaInfolUserController.swift */,
				8764F346248EBE610041E96B /* ExperienceUserController.swift */,
				8764F34F2496902B0041E96B /* SelectProfessionController.swift */,
			);
			path = ProfessionData;
			sourceTree = "<group>";
		};
		879F596623F4D00900D4D124 /* Controllers */ = {
			isa = PBXGroup;
			children = (
				87200B28249D7F480008C6C4 /* Favorites */,
				870B9D67240DD478006EB3EC /* MainScreen */,
				875F6A3F243602D4002C652D /* Messages */,
				871397C723FC5E1700FB7732 /* Account */,
				87329CFF240365950089E9EF /* Category */,
			);
			path = Controllers;
			sourceTree = "<group>";
		};
		879F596723F4D02F00D4D124 /* View */ = {
			isa = PBXGroup;
			children = (
				87F7A7D024701A620070B1FD /* PersonalData */,
				87D05223245B5AA6000B2F61 /* VacansyCell */,
				875F6A422436037D002C652D /* MessageCell.swift */,
				87D05222245B5A75000B2F61 /* Category&SpecViewCell */,
			);
			name = View;
			sourceTree = "<group>";
		};
		879F596823F4D03F00D4D124 /* Model */ = {
			isa = PBXGroup;
			children = (
				87F68A6B23EF2C8C00D4C454 /* ModelVacancies.swift */,
				87E9CADE24ABF82F0072C120 /* FavoriteVacancy.swift */,
				87329D00240463EB0089E9EF /* ModelUsers.swift */,
				87F7A7C9246E03F10070B1FD /* ModelCurrentUser.swift */,
				87C9097123FB0B4E00C262FC /* ModelCategories.swift */,
				87D05253245D9723000B2F61 /* ModelCities.swift */,
			);
			path = Model;
			sourceTree = "<group>";
		};
		879F599523F99F2300D4D124 /* Navigation */ = {
			isa = PBXGroup;
			children = (
				879F599123F99A6900D4D124 /* NavigationController.swift */,
				879F598F23F9797A00D4D124 /* TabBarController.swift */,
			);
			path = Navigation;
			sourceTree = "<group>";
		};
		87B865CC24780A50001CBCEE /* EmployerMenu */ = {
			isa = PBXGroup;
			children = (
				872615A42487EAC900BFC88D /* CreateVacansy */,
			);
			path = EmployerMenu;
			sourceTree = "<group>";
		};
		87BD43DB2450C4CF000B6865 /* JSON */ = {
			isa = PBXGroup;
			children = (
				87D05226245C978F000B2F61 /* Cities.json */,
			);
			name = JSON;
			sourceTree = "<group>";
		};
		87D05222245B5A75000B2F61 /* Category&SpecViewCell */ = {
			isa = PBXGroup;
			children = (
				87C9097323FB1FA700C262FC /* CategoryCell.swift */,
				871397CD23FCBF3800FB7732 /* SpecializationCell.swift */,
				87F497542461A368009B25A0 /* ProfessionCell.swift */,
			);
			name = "Category&SpecViewCell";
			sourceTree = "<group>";
		};
		87D05223245B5AA6000B2F61 /* VacansyCell */ = {
			isa = PBXGroup;
			children = (
				87B63FFA2489625C001911DC /* VacanciesCell.swift */,
				87E9CADD24ABA40D0072C120 /* DetailVacancy */,
				87200B25249B9D850008C6C4 /* EmployerVacancyCell.swift */,
				87C13F0E24A148A200F1E857 /* MenuCollectionCell.swift */,
				8748AA1024A8D9010006C40E /* FavoriteVacancyCell.swift */,
			);
			name = VacansyCell;
			sourceTree = "<group>";
		};
		87D05255245D9764000B2F61 /* LoaderAPI */ = {
			isa = PBXGroup;
			children = (
				87D05256245D978E000B2F61 /* CitiesLoaderAPI.swift */,
				87C13F0C24A11A9800F1E857 /* CategoriesLoaderAPI.swift */,
			);
			name = LoaderAPI;
			sourceTree = "<group>";
		};
		87D65A0B240852F20093D75F /* HelperExtensions */ = {
			isa = PBXGroup;
			children = (
				87F4975824645E56009B25A0 /* CheckNetwork */,
				87B865CA247429B5001CBCEE /* Extension + UIViewController.swift */,
				87B865C824742845001CBCEE /* Extension + UIImageView.swift */,
				87B865C624742806001CBCEE /* Extension + UIView.swift */,
				87B865C4247427D0001CBCEE /* Extension + UITextView.swift */,
				87B865BA2474272C001CBCEE /* Extension + String.swift */,
				87B865BC24742740001CBCEE /* Extension + Date.swift */,
				87B865BE24742752001CBCEE /* Extension + UILabel.swift */,
				87B865C024742761001CBCEE /* Extension + UIButton.swift */,
				87B865C224742771001CBCEE /* Extension + UITextField.swift */,
				87B865D6247D5BB9001CBCEE /* Extension + NavigationBar.swift */,
				8726159E2486CF1600BFC88D /* Extension + UITableView.swift */,
				876BA35524A69692005655DF /* CustomNoticeView.swift */,
			);
			name = HelperExtensions;
			sourceTree = "<group>";
		};
		87E9CADD24ABA40D0072C120 /* DetailVacancy */ = {
			isa = PBXGroup;
			children = (
				87E9CAD724AB94530072C120 /* DetailVacancyCell.swift */,
				87E9CAD924ABA3CE0072C120 /* DetailVacancyContentCell.swift */,
				87E9CADB24ABA3FF0072C120 /* DetailCountViewCell.swift */,
			);
			name = DetailVacancy;
			sourceTree = "<group>";
		};
		87F4975824645E56009B25A0 /* CheckNetwork */ = {
			isa = PBXGroup;
			children = (
				87F4975924645EDC009B25A0 /* CheckNetworkConnectivity.swift */,
			);
			name = CheckNetwork;
			sourceTree = "<group>";
		};
		87F49783246756E4009B25A0 /* Services */ = {
			isa = PBXGroup;
			children = (
				87F4978424675721009B25A0 /* ImageService.swift */,
				87F4978624676725009B25A0 /* FirebaseServices.swift */,
			);
			name = Services;
			sourceTree = "<group>";
		};
		87F7A7D024701A620070B1FD /* PersonalData */ = {
			isa = PBXGroup;
			children = (
				8780AC08249A476300496C61 /* UserDescriptionCell.swift */,
				8780AC06249A3A9900496C61 /* ProfileUserCell.swift */,
				8764F34D249671DF0041E96B /* ExperienceUserCell.swift */,
				8764F351249696D90041E96B /* SelectProfessionCell.swift */,
			);
			path = PersonalData;
			sourceTree = "<group>";
		};
		87FFD9B02426CD6000A8ECE7 /* Validators&Error */ = {
			isa = PBXGroup;
			children = (
				87F497812464A803009B25A0 /* AuthError.swift */,
				87F4977F2464A743009B25A0 /* Validators.swift */,
				87F4975B246482A2009B25A0 /* ShowErrorMethod.swift */,
			);
			name = "Validators&Error";
			sourceTree = "<group>";
		};
		EB92BD2BD420574FCD1128ED /* Frameworks */ = {
			isa = PBXGroup;
			children = (
				96DE5FD1B171A263ADB1953C /* Pods_TapWork.framework */,
			);
			name = Frameworks;
			sourceTree = "<group>";
		};
/* End PBXGroup section */

/* Begin PBXNativeTarget section */
		871D174D23C8F6350095C765 /* TapWork */ = {
			isa = PBXNativeTarget;
			buildConfigurationList = 871D176223C8F6360095C765 /* Build configuration list for PBXNativeTarget "TapWork" */;
			buildPhases = (
				8E2B9868E10D5FA7DA5EED99 /* [CP] Check Pods Manifest.lock */,
				871D174A23C8F6350095C765 /* Sources */,
				871D174B23C8F6350095C765 /* Frameworks */,
				871D174C23C8F6350095C765 /* Resources */,
				8DDDB5F8C13863D9D56EDF0C /* [CP] Embed Pods Frameworks */,
			);
			buildRules = (
			);
			dependencies = (
			);
			name = TapWork;
			productName = TapWork;
			productReference = 871D174E23C8F6350095C765 /* TapWork.app */;
			productType = "com.apple.product-type.application";
		};
/* End PBXNativeTarget section */

/* Begin PBXProject section */
		871D174623C8F6350095C765 /* Project object */ = {
			isa = PBXProject;
			attributes = {
				LastSwiftUpdateCheck = 1130;
				LastUpgradeCheck = 1130;
				ORGANIZATIONNAME = "Сергей";
				TargetAttributes = {
					871D174D23C8F6350095C765 = {
						CreatedOnToolsVersion = 11.3;
					};
				};
			};
			buildConfigurationList = 871D174923C8F6350095C765 /* Build configuration list for PBXProject "TapWork" */;
			compatibilityVersion = "Xcode 9.3";
			developmentRegion = en;
			hasScannedForEncodings = 0;
			knownRegions = (
				en,
				Base,
			);
			mainGroup = 871D174523C8F6350095C765;
			productRefGroup = 871D174F23C8F6350095C765 /* Products */;
			projectDirPath = "";
			projectRoot = "";
			targets = (
				871D174D23C8F6350095C765 /* TapWork */,
			);
		};
/* End PBXProject section */

/* Begin PBXResourcesBuildPhase section */
		871D174C23C8F6350095C765 /* Resources */ = {
			isa = PBXResourcesBuildPhase;
			buildActionMask = 2147483647;
			files = (
				87D05227245C978F000B2F61 /* Cities.json in Resources */,
				87D65A0A240816A20093D75F /* GoogleService-Info.plist in Resources */,
				871D175E23C8F6360095C765 /* LaunchScreen.storyboard in Resources */,
				871D175B23C8F6360095C765 /* Assets.xcassets in Resources */,
				871D175923C8F6350095C765 /* Main.storyboard in Resources */,
			);
			runOnlyForDeploymentPostprocessing = 0;
		};
/* End PBXResourcesBuildPhase section */

/* Begin PBXShellScriptBuildPhase section */
		8DDDB5F8C13863D9D56EDF0C /* [CP] Embed Pods Frameworks */ = {
			isa = PBXShellScriptBuildPhase;
			buildActionMask = 2147483647;
			files = (
			);
			inputFileListPaths = (
				"${PODS_ROOT}/Target Support Files/Pods-TapWork/Pods-TapWork-frameworks-${CONFIGURATION}-input-files.xcfilelist",
			);
			name = "[CP] Embed Pods Frameworks";
			outputFileListPaths = (
				"${PODS_ROOT}/Target Support Files/Pods-TapWork/Pods-TapWork-frameworks-${CONFIGURATION}-output-files.xcfilelist",
			);
			runOnlyForDeploymentPostprocessing = 0;
			shellPath = /bin/sh;
			shellScript = "\"${PODS_ROOT}/Target Support Files/Pods-TapWork/Pods-TapWork-frameworks.sh\"\n";
			showEnvVarsInLog = 0;
		};
		8E2B9868E10D5FA7DA5EED99 /* [CP] Check Pods Manifest.lock */ = {
			isa = PBXShellScriptBuildPhase;
			buildActionMask = 2147483647;
			files = (
			);
			inputFileListPaths = (
			);
			inputPaths = (
				"${PODS_PODFILE_DIR_PATH}/Podfile.lock",
				"${PODS_ROOT}/Manifest.lock",
			);
			name = "[CP] Check Pods Manifest.lock";
			outputFileListPaths = (
			);
			outputPaths = (
				"$(DERIVED_FILE_DIR)/Pods-TapWork-checkManifestLockResult.txt",
			);
			runOnlyForDeploymentPostprocessing = 0;
			shellPath = /bin/sh;
			shellScript = "diff \"${PODS_PODFILE_DIR_PATH}/Podfile.lock\" \"${PODS_ROOT}/Manifest.lock\" > /dev/null\nif [ $? != 0 ] ; then\n    # print error to STDERR\n    echo \"error: The sandbox is not in sync with the Podfile.lock. Run 'pod install' or update your CocoaPods installation.\" >&2\n    exit 1\nfi\n# This output is used by Xcode 'outputs' to avoid re-running this script phase.\necho \"SUCCESS\" > \"${SCRIPT_OUTPUT_FILE_0}\"\n";
			showEnvVarsInLog = 0;
		};
/* End PBXShellScriptBuildPhase section */

/* Begin PBXSourcesBuildPhase section */
		871D174A23C8F6350095C765 /* Sources */ = {
			isa = PBXSourcesBuildPhase;
			buildActionMask = 2147483647;
			files = (
				87B63FF924896142001911DC /* MainViewController.swift in Sources */,
				876BA35624A69692005655DF /* CustomNoticeView.swift in Sources */,
				879F599023F9797A00D4D124 /* TabBarController.swift in Sources */,
				8748AA1124A8D9010006C40E /* FavoriteVacancyCell.swift in Sources */,
				875F6A41243602F1002C652D /* MessageViewController.swift in Sources */,
				8764F347248EBE610041E96B /* ExperienceUserController.swift in Sources */,
				8764F34C24913BE70041E96B /* CreateExperianceController.swift in Sources */,
				87F4978524675721009B25A0 /* ImageService.swift in Sources */,
				8764F349248EBF170041E96B /* AdditionaInfolUserController.swift in Sources */,
				87B865CB247429B5001CBCEE /* Extension + UIViewController.swift in Sources */,
				871397CF23FCBF3800FB7732 /* SpecializationCell.swift in Sources */,
				87F497552461A368009B25A0 /* ProfessionCell.swift in Sources */,
				87F497802464A743009B25A0 /* Validators.swift in Sources */,
				87200B26249B9D850008C6C4 /* EmployerVacancyCell.swift in Sources */,
				8764F34E249671DF0041E96B /* ExperienceUserCell.swift in Sources */,
				87D05257245D978E000B2F61 /* CitiesLoaderAPI.swift in Sources */,
				872615AA2487EB8E00BFC88D /* ContentVacansyController.swift in Sources */,
				87BB3BA223F9D691004F3C61 /* CategoriesController.swift in Sources */,
				87200B2A249D7F770008C6C4 /* FavoritesVacanciesController.swift in Sources */,
				8764F352249696D90041E96B /* SelectProfessionCell.swift in Sources */,
				87B865C724742806001CBCEE /* Extension + UIView.swift in Sources */,
				8780AC05249A393500496C61 /* ProfileUserController.swift in Sources */,
				87B865C5247427D0001CBCEE /* Extension + UITextView.swift in Sources */,
				879F599223F99A6900D4D124 /* NavigationController.swift in Sources */,
				87F68A6C23EF2C8C00D4C454 /* ModelVacancies.swift in Sources */,
				87E9CADF24ABF82F0072C120 /* FavoriteVacancy.swift in Sources */,
				879F599723F9A0A400D4D124 /* RegisterAccountController.swift in Sources */,
				8780AC09249A476300496C61 /* UserDescriptionCell.swift in Sources */,
				879F599423F99F0D00D4D124 /* LoginAccountViewController.swift in Sources */,
				87E9CADC24ABA3FF0072C120 /* DetailCountViewCell.swift in Sources */,
				871D175223C8F6350095C765 /* AppDelegate.swift in Sources */,
				8764F3502496902B0041E96B /* SelectProfessionController.swift in Sources */,
				8780AC07249A3A9900496C61 /* ProfileUserCell.swift in Sources */,
				87B865C324742771001CBCEE /* Extension + UITextField.swift in Sources */,
				870B9D6B240DDDD0006EB3EC /* LaunchScreenViewController.swift in Sources */,
				875F6A432436037D002C652D /* MessageCell.swift in Sources */,
				87B865D7247D5BB9001CBCEE /* Extension + NavigationBar.swift in Sources */,
				87F497532461A32E009B25A0 /* ProfessionsController.swift in Sources */,
				87B865BD24742740001CBCEE /* Extension + Date.swift in Sources */,
				87B865D324784817001CBCEE /* ChooseStatusController.swift in Sources */,
				87C13F0F24A148A200F1E857 /* MenuCollectionCell.swift in Sources */,
				87329D01240463EB0089E9EF /* ModelUsers.swift in Sources */,
				871397CB23FCBC5900FB7732 /* SpecializationController.swift in Sources */,
				87F4975A24645EDC009B25A0 /* CheckNetworkConnectivity.swift in Sources */,
				87E9CADA24ABA3CE0072C120 /* DetailVacancyContentCell.swift in Sources */,
				87FFD9AF24257A2E00A8ECE7 /* EditAccountViewController.swift in Sources */,
				871D175423C8F6350095C765 /* SceneDelegate.swift in Sources */,
				87B63FFB2489625C001911DC /* VacanciesCell.swift in Sources */,
				87F84F5B246B2226002AC050 /* DetailVacansyViewController.swift in Sources */,
				87C9097223FB0B4E00C262FC /* ModelCategories.swift in Sources */,
				872615AC2487EBB500BFC88D /* PaymentController.swift in Sources */,
				87F4975C246482A2009B25A0 /* ShowErrorMethod.swift in Sources */,
				87C13F0D24A11A9800F1E857 /* CategoriesLoaderAPI.swift in Sources */,
				87B865BB2474272C001CBCEE /* Extension + String.swift in Sources */,
				876BA35424A636D8005655DF /* EmployerVacancyController.swift in Sources */,
				87E9CAD624AB8AF90072C120 /* DetailVacancyController.swift in Sources */,
				87B865C124742761001CBCEE /* Extension + UIButton.swift in Sources */,
				87F497822464A803009B25A0 /* AuthError.swift in Sources */,
				87F7A7CA246E03F10070B1FD /* ModelCurrentUser.swift in Sources */,
				87E9CAD824AB94530072C120 /* DetailVacancyCell.swift in Sources */,
				875F6A452436065D002C652D /* ChatViewController.swift in Sources */,
				8726159F2486CF1600BFC88D /* Extension + UITableView.swift in Sources */,
				87D05254245D9723000B2F61 /* ModelCities.swift in Sources */,
				87B865C924742845001CBCEE /* Extension + UIImageView.swift in Sources */,
				87C9097423FB1FA700C262FC /* CategoryCell.swift in Sources */,
				872615A62487EB1300BFC88D /* TitleVacansyController.swift in Sources */,
				87F4978724676725009B25A0 /* FirebaseServices.swift in Sources */,
				87B865BF24742752001CBCEE /* Extension + UILabel.swift in Sources */,
			);
			runOnlyForDeploymentPostprocessing = 0;
		};
/* End PBXSourcesBuildPhase section */

/* Begin PBXVariantGroup section */
		871D175723C8F6350095C765 /* Main.storyboard */ = {
			isa = PBXVariantGroup;
			children = (
				871D175823C8F6350095C765 /* Base */,
			);
			name = Main.storyboard;
			sourceTree = "<group>";
		};
		871D175C23C8F6360095C765 /* LaunchScreen.storyboard */ = {
			isa = PBXVariantGroup;
			children = (
				871D175D23C8F6360095C765 /* Base */,
			);
			name = LaunchScreen.storyboard;
			sourceTree = "<group>";
		};
/* End PBXVariantGroup section */

/* Begin XCBuildConfiguration section */
		871D176023C8F6360095C765 /* Debug */ = {
			isa = XCBuildConfiguration;
			buildSettings = {
				ALWAYS_SEARCH_USER_PATHS = NO;
				CLANG_ANALYZER_NONNULL = YES;
				CLANG_ANALYZER_NUMBER_OBJECT_CONVERSION = YES_AGGRESSIVE;
				CLANG_CXX_LANGUAGE_STANDARD = "gnu++14";
				CLANG_CXX_LIBRARY = "libc++";
				CLANG_ENABLE_MODULES = YES;
				CLANG_ENABLE_OBJC_ARC = YES;
				CLANG_ENABLE_OBJC_WEAK = YES;
				CLANG_WARN_BLOCK_CAPTURE_AUTORELEASING = YES;
				CLANG_WARN_BOOL_CONVERSION = YES;
				CLANG_WARN_COMMA = YES;
				CLANG_WARN_CONSTANT_CONVERSION = YES;
				CLANG_WARN_DEPRECATED_OBJC_IMPLEMENTATIONS = YES;
				CLANG_WARN_DIRECT_OBJC_ISA_USAGE = YES_ERROR;
				CLANG_WARN_DOCUMENTATION_COMMENTS = YES;
				CLANG_WARN_EMPTY_BODY = YES;
				CLANG_WARN_ENUM_CONVERSION = YES;
				CLANG_WARN_INFINITE_RECURSION = YES;
				CLANG_WARN_INT_CONVERSION = YES;
				CLANG_WARN_NON_LITERAL_NULL_CONVERSION = YES;
				CLANG_WARN_OBJC_IMPLICIT_RETAIN_SELF = YES;
				CLANG_WARN_OBJC_LITERAL_CONVERSION = YES;
				CLANG_WARN_OBJC_ROOT_CLASS = YES_ERROR;
				CLANG_WARN_RANGE_LOOP_ANALYSIS = YES;
				CLANG_WARN_STRICT_PROTOTYPES = YES;
				CLANG_WARN_SUSPICIOUS_MOVE = YES;
				CLANG_WARN_UNGUARDED_AVAILABILITY = YES_AGGRESSIVE;
				CLANG_WARN_UNREACHABLE_CODE = YES;
				CLANG_WARN__DUPLICATE_METHOD_MATCH = YES;
				COPY_PHASE_STRIP = NO;
				DEBUG_INFORMATION_FORMAT = dwarf;
				ENABLE_STRICT_OBJC_MSGSEND = YES;
				ENABLE_TESTABILITY = YES;
				GCC_C_LANGUAGE_STANDARD = gnu11;
				GCC_DYNAMIC_NO_PIC = NO;
				GCC_NO_COMMON_BLOCKS = YES;
				GCC_OPTIMIZATION_LEVEL = 0;
				GCC_PREPROCESSOR_DEFINITIONS = (
					"DEBUG=1",
					"$(inherited)",
				);
				GCC_WARN_64_TO_32_BIT_CONVERSION = YES;
				GCC_WARN_ABOUT_RETURN_TYPE = YES_ERROR;
				GCC_WARN_UNDECLARED_SELECTOR = YES;
				GCC_WARN_UNINITIALIZED_AUTOS = YES_AGGRESSIVE;
				GCC_WARN_UNUSED_FUNCTION = YES;
				GCC_WARN_UNUSED_VARIABLE = YES;
				IPHONEOS_DEPLOYMENT_TARGET = 13.2;
				MTL_ENABLE_DEBUG_INFO = INCLUDE_SOURCE;
				MTL_FAST_MATH = YES;
				ONLY_ACTIVE_ARCH = YES;
				SDKROOT = iphoneos;
				SWIFT_ACTIVE_COMPILATION_CONDITIONS = DEBUG;
				SWIFT_OPTIMIZATION_LEVEL = "-Onone";
			};
			name = Debug;
		};
		871D176123C8F6360095C765 /* Release */ = {
			isa = XCBuildConfiguration;
			buildSettings = {
				ALWAYS_SEARCH_USER_PATHS = NO;
				CLANG_ANALYZER_NONNULL = YES;
				CLANG_ANALYZER_NUMBER_OBJECT_CONVERSION = YES_AGGRESSIVE;
				CLANG_CXX_LANGUAGE_STANDARD = "gnu++14";
				CLANG_CXX_LIBRARY = "libc++";
				CLANG_ENABLE_MODULES = YES;
				CLANG_ENABLE_OBJC_ARC = YES;
				CLANG_ENABLE_OBJC_WEAK = YES;
				CLANG_WARN_BLOCK_CAPTURE_AUTORELEASING = YES;
				CLANG_WARN_BOOL_CONVERSION = YES;
				CLANG_WARN_COMMA = YES;
				CLANG_WARN_CONSTANT_CONVERSION = YES;
				CLANG_WARN_DEPRECATED_OBJC_IMPLEMENTATIONS = YES;
				CLANG_WARN_DIRECT_OBJC_ISA_USAGE = YES_ERROR;
				CLANG_WARN_DOCUMENTATION_COMMENTS = YES;
				CLANG_WARN_EMPTY_BODY = YES;
				CLANG_WARN_ENUM_CONVERSION = YES;
				CLANG_WARN_INFINITE_RECURSION = YES;
				CLANG_WARN_INT_CONVERSION = YES;
				CLANG_WARN_NON_LITERAL_NULL_CONVERSION = YES;
				CLANG_WARN_OBJC_IMPLICIT_RETAIN_SELF = YES;
				CLANG_WARN_OBJC_LITERAL_CONVERSION = YES;
				CLANG_WARN_OBJC_ROOT_CLASS = YES_ERROR;
				CLANG_WARN_RANGE_LOOP_ANALYSIS = YES;
				CLANG_WARN_STRICT_PROTOTYPES = YES;
				CLANG_WARN_SUSPICIOUS_MOVE = YES;
				CLANG_WARN_UNGUARDED_AVAILABILITY = YES_AGGRESSIVE;
				CLANG_WARN_UNREACHABLE_CODE = YES;
				CLANG_WARN__DUPLICATE_METHOD_MATCH = YES;
				COPY_PHASE_STRIP = NO;
				DEBUG_INFORMATION_FORMAT = "dwarf-with-dsym";
				ENABLE_NS_ASSERTIONS = NO;
				ENABLE_STRICT_OBJC_MSGSEND = YES;
				GCC_C_LANGUAGE_STANDARD = gnu11;
				GCC_NO_COMMON_BLOCKS = YES;
				GCC_WARN_64_TO_32_BIT_CONVERSION = YES;
				GCC_WARN_ABOUT_RETURN_TYPE = YES_ERROR;
				GCC_WARN_UNDECLARED_SELECTOR = YES;
				GCC_WARN_UNINITIALIZED_AUTOS = YES_AGGRESSIVE;
				GCC_WARN_UNUSED_FUNCTION = YES;
				GCC_WARN_UNUSED_VARIABLE = YES;
				IPHONEOS_DEPLOYMENT_TARGET = 13.2;
				MTL_ENABLE_DEBUG_INFO = NO;
				MTL_FAST_MATH = YES;
				SDKROOT = iphoneos;
				SWIFT_COMPILATION_MODE = wholemodule;
				SWIFT_OPTIMIZATION_LEVEL = "-O";
				VALIDATE_PRODUCT = YES;
			};
			name = Release;
		};
		871D176323C8F6360095C765 /* Debug */ = {
			isa = XCBuildConfiguration;
			baseConfigurationReference = EC08CC48E8067813AB071D7E /* Pods-TapWork.debug.xcconfig */;
			buildSettings = {
				ASSETCATALOG_COMPILER_APPICON_NAME = AppIcon;
				CODE_SIGN_IDENTITY = "Apple Development";
				CODE_SIGN_STYLE = Automatic;
				DEVELOPMENT_TEAM = W9Z3YC6W2U;
				INFOPLIST_FILE = TapWork/Info.plist;
				IPHONEOS_DEPLOYMENT_TARGET = 13.5;
				LD_RUNPATH_SEARCH_PATHS = (
					"$(inherited)",
					"@executable_path/Frameworks",
				);
				PRODUCT_BUNDLE_IDENTIFIER = "-.TapWork";
				PRODUCT_NAME = "$(TARGET_NAME)";
				PROVISIONING_PROFILE_SPECIFIER = "";
				SWIFT_VERSION = 5.0;
				TARGETED_DEVICE_FAMILY = 1;
			};
			name = Debug;
		};
		871D176423C8F6360095C765 /* Release */ = {
			isa = XCBuildConfiguration;
			baseConfigurationReference = 350CE8BA8C3B942105F6513A /* Pods-TapWork.release.xcconfig */;
			buildSettings = {
				ASSETCATALOG_COMPILER_APPICON_NAME = AppIcon;
				CODE_SIGN_IDENTITY = "Apple Development";
				CODE_SIGN_STYLE = Automatic;
				DEVELOPMENT_TEAM = W9Z3YC6W2U;
				INFOPLIST_FILE = TapWork/Info.plist;
				IPHONEOS_DEPLOYMENT_TARGET = 13.5;
				LD_RUNPATH_SEARCH_PATHS = (
					"$(inherited)",
					"@executable_path/Frameworks",
				);
				PRODUCT_BUNDLE_IDENTIFIER = "-.TapWork";
				PRODUCT_NAME = "$(TARGET_NAME)";
				PROVISIONING_PROFILE_SPECIFIER = "";
				SWIFT_VERSION = 5.0;
				TARGETED_DEVICE_FAMILY = 1;
			};
			name = Release;
		};
/* End XCBuildConfiguration section */

/* Begin XCConfigurationList section */
		871D174923C8F6350095C765 /* Build configuration list for PBXProject "TapWork" */ = {
			isa = XCConfigurationList;
			buildConfigurations = (
				871D176023C8F6360095C765 /* Debug */,
				871D176123C8F6360095C765 /* Release */,
			);
			defaultConfigurationIsVisible = 0;
			defaultConfigurationName = Release;
		};
		871D176223C8F6360095C765 /* Build configuration list for PBXNativeTarget "TapWork" */ = {
			isa = XCConfigurationList;
			buildConfigurations = (
				871D176323C8F6360095C765 /* Debug */,
				871D176423C8F6360095C765 /* Release */,
			);
			defaultConfigurationIsVisible = 0;
			defaultConfigurationName = Release;
		};
/* End XCConfigurationList section */
	};
	rootObject = 871D174623C8F6350095C765 /* Project object */;
}
