// !$*UTF8*$!
{
	archiveVersion = 1;
	classes = {
	};
	objectVersion = 51;
	objects = {

/* Begin PBXBuildFile section */
		870B9D6B240DDDD0006EB3EC /* LaunchScreenViewController.swift in Sources */ = {isa = PBXBuildFile; fileRef = 870B9D6A240DDDD0006EB3EC /* LaunchScreenViewController.swift */; };
		871397CB23FCBC5900FB7732 /* SpecializationController.swift in Sources */ = {isa = PBXBuildFile; fileRef = 871397C923FCBC5900FB7732 /* SpecializationController.swift */; };
		871397CF23FCBF3800FB7732 /* SpecializationCell.swift in Sources */ = {isa = PBXBuildFile; fileRef = 871397CD23FCBF3800FB7732 /* SpecializationCell.swift */; };
		871D175223C8F6350095C765 /* AppDelegate.swift in Sources */ = {isa = PBXBuildFile; fileRef = 871D175123C8F6350095C765 /* AppDelegate.swift */; };
		871D175423C8F6350095C765 /* SceneDelegate.swift in Sources */ = {isa = PBXBuildFile; fileRef = 871D175323C8F6350095C765 /* SceneDelegate.swift */; };
		871D175923C8F6350095C765 /* Main.storyboard in Resources */ = {isa = PBXBuildFile; fileRef = 871D175723C8F6350095C765 /* Main.storyboard */; };
		871D175B23C8F6360095C765 /* Assets.xcassets in Resources */ = {isa = PBXBuildFile; fileRef = 871D175A23C8F6360095C765 /* Assets.xcassets */; };
		871D175E23C8F6360095C765 /* LaunchScreen.storyboard in Resources */ = {isa = PBXBuildFile; fileRef = 871D175C23C8F6360095C765 /* LaunchScreen.storyboard */; };
		87329CFE240360F40089E9EF /* AccountUserViewController.swift in Sources */ = {isa = PBXBuildFile; fileRef = 87329CFD240360F40089E9EF /* AccountUserViewController.swift */; };
		87329D01240463EB0089E9EF /* ModelUsers.swift in Sources */ = {isa = PBXBuildFile; fileRef = 87329D00240463EB0089E9EF /* ModelUsers.swift */; };
		8768965C23F9F87400E17CC1 /* AddVacansyController.swift in Sources */ = {isa = PBXBuildFile; fileRef = 8768965B23F9F87400E17CC1 /* AddVacansyController.swift */; };
		879F596A23F4D0C200D4D124 /* ResponseViewController.swift in Sources */ = {isa = PBXBuildFile; fileRef = 879F596923F4D0C200D4D124 /* ResponseViewController.swift */; };
		879F599023F9797A00D4D124 /* TabBarController.swift in Sources */ = {isa = PBXBuildFile; fileRef = 879F598F23F9797A00D4D124 /* TabBarController.swift */; };
		879F599223F99A6900D4D124 /* NavigationController.swift in Sources */ = {isa = PBXBuildFile; fileRef = 879F599123F99A6900D4D124 /* NavigationController.swift */; };
		879F599423F99F0D00D4D124 /* LoginAccountViewController.swift in Sources */ = {isa = PBXBuildFile; fileRef = 879F599323F99F0D00D4D124 /* LoginAccountViewController.swift */; };
		879F599723F9A0A400D4D124 /* RegisterAccountController.swift in Sources */ = {isa = PBXBuildFile; fileRef = 879F599623F9A0A400D4D124 /* RegisterAccountController.swift */; };
		87BB3BA223F9D691004F3C61 /* CategoriesController.swift in Sources */ = {isa = PBXBuildFile; fileRef = 87BB3BA123F9D691004F3C61 /* CategoriesController.swift */; };
		87C9097223FB0B4E00C262FC /* ModelCategories.swift in Sources */ = {isa = PBXBuildFile; fileRef = 87C9097123FB0B4E00C262FC /* ModelCategories.swift */; };
		87C9097423FB1FA700C262FC /* CategoryCell.swift in Sources */ = {isa = PBXBuildFile; fileRef = 87C9097323FB1FA700C262FC /* CategoryCell.swift */; };
		87D65A0A240816A20093D75F /* GoogleService-Info.plist in Resources */ = {isa = PBXBuildFile; fileRef = 87D65A09240816A10093D75F /* GoogleService-Info.plist */; };
		87D65A0D240853170093D75F /* HelperExtensions.swift in Sources */ = {isa = PBXBuildFile; fileRef = 87D65A0C240853170093D75F /* HelperExtensions.swift */; };
		87F68A6A23EF2B8500D4C454 /* MainScreenController.swift in Sources */ = {isa = PBXBuildFile; fileRef = 87F68A6923EF2B8500D4C454 /* MainScreenController.swift */; };
		87F68A6C23EF2C8C00D4C454 /* ModelVacancies.swift in Sources */ = {isa = PBXBuildFile; fileRef = 87F68A6B23EF2C8C00D4C454 /* ModelVacancies.swift */; };
		87F68A6E23EF2F4400D4C454 /* VacansyTableViewCell.swift in Sources */ = {isa = PBXBuildFile; fileRef = 87F68A6D23EF2F4400D4C454 /* VacansyTableViewCell.swift */; };
		87F68A7023EF7E2200D4C454 /* ShowInfoVacansyViewController.swift in Sources */ = {isa = PBXBuildFile; fileRef = 87F68A6F23EF7E2200D4C454 /* ShowInfoVacansyViewController.swift */; };
		FAB96E1FEE3EDF12559C97E1 /* Pods_TapWork.framework in Frameworks */ = {isa = PBXBuildFile; fileRef = 96DE5FD1B171A263ADB1953C /* Pods_TapWork.framework */; };
/* End PBXBuildFile section */

/* Begin PBXFileReference section */
		350CE8BA8C3B942105F6513A /* Pods-TapWork.release.xcconfig */ = {isa = PBXFileReference; includeInIndex = 1; lastKnownFileType = text.xcconfig; name = "Pods-TapWork.release.xcconfig"; path = "Target Support Files/Pods-TapWork/Pods-TapWork.release.xcconfig"; sourceTree = "<group>"; };
		870B9D6A240DDDD0006EB3EC /* LaunchScreenViewController.swift */ = {isa = PBXFileReference; lastKnownFileType = sourcecode.swift; path = LaunchScreenViewController.swift; sourceTree = "<group>"; };
		871397C923FCBC5900FB7732 /* SpecializationController.swift */ = {isa = PBXFileReference; lastKnownFileType = sourcecode.swift; path = SpecializationController.swift; sourceTree = "<group>"; };
		871397CD23FCBF3800FB7732 /* SpecializationCell.swift */ = {isa = PBXFileReference; lastKnownFileType = sourcecode.swift; path = SpecializationCell.swift; sourceTree = "<group>"; };
		871D174E23C8F6350095C765 /* TapWork.app */ = {isa = PBXFileReference; explicitFileType = wrapper.application; includeInIndex = 0; path = TapWork.app; sourceTree = BUILT_PRODUCTS_DIR; };
		871D175123C8F6350095C765 /* AppDelegate.swift */ = {isa = PBXFileReference; lastKnownFileType = sourcecode.swift; path = AppDelegate.swift; sourceTree = "<group>"; };
		871D175323C8F6350095C765 /* SceneDelegate.swift */ = {isa = PBXFileReference; lastKnownFileType = sourcecode.swift; path = SceneDelegate.swift; sourceTree = "<group>"; };
		871D175823C8F6350095C765 /* Base */ = {isa = PBXFileReference; lastKnownFileType = file.storyboard; name = Base; path = Base.lproj/Main.storyboard; sourceTree = "<group>"; };
		871D175A23C8F6360095C765 /* Assets.xcassets */ = {isa = PBXFileReference; lastKnownFileType = folder.assetcatalog; path = Assets.xcassets; sourceTree = "<group>"; };
		871D175D23C8F6360095C765 /* Base */ = {isa = PBXFileReference; lastKnownFileType = file.storyboard; name = Base; path = Base.lproj/LaunchScreen.storyboard; sourceTree = "<group>"; };
		871D175F23C8F6360095C765 /* Info.plist */ = {isa = PBXFileReference; lastKnownFileType = text.plist.xml; path = Info.plist; sourceTree = "<group>"; };
		87329CFD240360F40089E9EF /* AccountUserViewController.swift */ = {isa = PBXFileReference; lastKnownFileType = sourcecode.swift; path = AccountUserViewController.swift; sourceTree = "<group>"; };
		87329D00240463EB0089E9EF /* ModelUsers.swift */ = {isa = PBXFileReference; lastKnownFileType = sourcecode.swift; path = ModelUsers.swift; sourceTree = "<group>"; };
		8768965B23F9F87400E17CC1 /* AddVacansyController.swift */ = {isa = PBXFileReference; lastKnownFileType = sourcecode.swift; path = AddVacansyController.swift; sourceTree = "<group>"; };
		879F596923F4D0C200D4D124 /* ResponseViewController.swift */ = {isa = PBXFileReference; lastKnownFileType = sourcecode.swift; path = ResponseViewController.swift; sourceTree = "<group>"; };
		879F598F23F9797A00D4D124 /* TabBarController.swift */ = {isa = PBXFileReference; lastKnownFileType = sourcecode.swift; path = TabBarController.swift; sourceTree = "<group>"; };
		879F599123F99A6900D4D124 /* NavigationController.swift */ = {isa = PBXFileReference; lastKnownFileType = sourcecode.swift; path = NavigationController.swift; sourceTree = "<group>"; };
		879F599323F99F0D00D4D124 /* LoginAccountViewController.swift */ = {isa = PBXFileReference; lastKnownFileType = sourcecode.swift; path = LoginAccountViewController.swift; sourceTree = "<group>"; };
		879F599623F9A0A400D4D124 /* RegisterAccountController.swift */ = {isa = PBXFileReference; lastKnownFileType = sourcecode.swift; path = RegisterAccountController.swift; sourceTree = "<group>"; };
		87BB3BA123F9D691004F3C61 /* CategoriesController.swift */ = {isa = PBXFileReference; lastKnownFileType = sourcecode.swift; path = CategoriesController.swift; sourceTree = "<group>"; };
		87C9097123FB0B4E00C262FC /* ModelCategories.swift */ = {isa = PBXFileReference; lastKnownFileType = sourcecode.swift; path = ModelCategories.swift; sourceTree = "<group>"; };
		87C9097323FB1FA700C262FC /* CategoryCell.swift */ = {isa = PBXFileReference; lastKnownFileType = sourcecode.swift; path = CategoryCell.swift; sourceTree = "<group>"; };
		87D65A09240816A10093D75F /* GoogleService-Info.plist */ = {isa = PBXFileReference; fileEncoding = 4; lastKnownFileType = text.plist.xml; path = "GoogleService-Info.plist"; sourceTree = "<group>"; };
		87D65A0C240853170093D75F /* HelperExtensions.swift */ = {isa = PBXFileReference; lastKnownFileType = sourcecode.swift; path = HelperExtensions.swift; sourceTree = "<group>"; };
		87F68A6923EF2B8500D4C454 /* MainScreenController.swift */ = {isa = PBXFileReference; lastKnownFileType = sourcecode.swift; path = MainScreenController.swift; sourceTree = "<group>"; };
		87F68A6B23EF2C8C00D4C454 /* ModelVacancies.swift */ = {isa = PBXFileReference; lastKnownFileType = sourcecode.swift; path = ModelVacancies.swift; sourceTree = "<group>"; };
		87F68A6D23EF2F4400D4C454 /* VacansyTableViewCell.swift */ = {isa = PBXFileReference; lastKnownFileType = sourcecode.swift; path = VacansyTableViewCell.swift; sourceTree = "<group>"; };
		87F68A6F23EF7E2200D4C454 /* ShowInfoVacansyViewController.swift */ = {isa = PBXFileReference; lastKnownFileType = sourcecode.swift; path = ShowInfoVacansyViewController.swift; sourceTree = "<group>"; };
		96DE5FD1B171A263ADB1953C /* Pods_TapWork.framework */ = {isa = PBXFileReference; explicitFileType = wrapper.framework; includeInIndex = 0; path = Pods_TapWork.framework; sourceTree = BUILT_PRODUCTS_DIR; };
		EC08CC48E8067813AB071D7E /* Pods-TapWork.debug.xcconfig */ = {isa = PBXFileReference; includeInIndex = 1; lastKnownFileType = text.xcconfig; name = "Pods-TapWork.debug.xcconfig"; path = "Target Support Files/Pods-TapWork/Pods-TapWork.debug.xcconfig"; sourceTree = "<group>"; };
/* End PBXFileReference section */

/* Begin PBXFrameworksBuildPhase section */
		871D174B23C8F6350095C765 /* Frameworks */ = {
			isa = PBXFrameworksBuildPhase;
			buildActionMask = 2147483647;
			files = (
				FAB96E1FEE3EDF12559C97E1 /* Pods_TapWork.framework in Frameworks */,
			);
			runOnlyForDeploymentPostprocessing = 0;
		};
/* End PBXFrameworksBuildPhase section */

/* Begin PBXGroup section */
		4AA6057A0D9FC5CD6EA0F0CA /* Pods */ = {
			isa = PBXGroup;
			children = (
				EC08CC48E8067813AB071D7E /* Pods-TapWork.debug.xcconfig */,
				350CE8BA8C3B942105F6513A /* Pods-TapWork.release.xcconfig */,
			);
			path = Pods;
			sourceTree = "<group>";
		};
		870B9D67240DD478006EB3EC /* MainScreen */ = {
			isa = PBXGroup;
			children = (
				87F68A6923EF2B8500D4C454 /* MainScreenController.swift */,
				870B9D6A240DDDD0006EB3EC /* LaunchScreenViewController.swift */,
			);
			name = MainScreen;
			sourceTree = "<group>";
		};
		871397C723FC5E1700FB7732 /* Account */ = {
			isa = PBXGroup;
			children = (
				879F599323F99F0D00D4D124 /* LoginAccountViewController.swift */,
				879F599623F9A0A400D4D124 /* RegisterAccountController.swift */,
				87329CFD240360F40089E9EF /* AccountUserViewController.swift */,
			);
			path = Account;
			sourceTree = "<group>";
		};
		871D174523C8F6350095C765 = {
			isa = PBXGroup;
			children = (
				871D175023C8F6350095C765 /* TapWork */,
				871D174F23C8F6350095C765 /* Products */,
				4AA6057A0D9FC5CD6EA0F0CA /* Pods */,
				EB92BD2BD420574FCD1128ED /* Frameworks */,
			);
			sourceTree = "<group>";
		};
		871D174F23C8F6350095C765 /* Products */ = {
			isa = PBXGroup;
			children = (
				871D174E23C8F6350095C765 /* TapWork.app */,
			);
			name = Products;
			sourceTree = "<group>";
		};
		871D175023C8F6350095C765 /* TapWork */ = {
			isa = PBXGroup;
			children = (
				87D65A0B240852F20093D75F /* HelperExtensions */,
				871D175123C8F6350095C765 /* AppDelegate.swift */,
				871D175323C8F6350095C765 /* SceneDelegate.swift */,
				879F599523F99F2300D4D124 /* Navigation */,
				879F596623F4D00900D4D124 /* Controllers */,
				879F596723F4D02F00D4D124 /* View */,
				879F596823F4D03F00D4D124 /* Model */,
				871D175A23C8F6360095C765 /* Assets.xcassets */,
				871D175723C8F6350095C765 /* Main.storyboard */,
				871D175C23C8F6360095C765 /* LaunchScreen.storyboard */,
				871D175F23C8F6360095C765 /* Info.plist */,
				87D65A09240816A10093D75F /* GoogleService-Info.plist */,
			);
			path = TapWork;
			sourceTree = "<group>";
		};
		87329CFF240365950089E9EF /* Category */ = {
			isa = PBXGroup;
			children = (
				87BB3BA123F9D691004F3C61 /* CategoriesController.swift */,
				871397C923FCBC5900FB7732 /* SpecializationController.swift */,
			);
			name = Category;
			sourceTree = "<group>";
		};
		879F596623F4D00900D4D124 /* Controllers */ = {
			isa = PBXGroup;
			children = (
				871397C723FC5E1700FB7732 /* Account */,
				870B9D67240DD478006EB3EC /* MainScreen */,
				87F68A6F23EF7E2200D4C454 /* ShowInfoVacansyViewController.swift */,
				87329CFF240365950089E9EF /* Category */,
				8768965B23F9F87400E17CC1 /* AddVacansyController.swift */,
				879F596923F4D0C200D4D124 /* ResponseViewController.swift */,
			);
			path = Controllers;
			sourceTree = "<group>";
		};
		879F596723F4D02F00D4D124 /* View */ = {
			isa = PBXGroup;
			children = (
				87F68A6D23EF2F4400D4C454 /* VacansyTableViewCell.swift */,
				871397CD23FCBF3800FB7732 /* SpecializationCell.swift */,
				87C9097323FB1FA700C262FC /* CategoryCell.swift */,
			);
			name = View;
			sourceTree = "<group>";
		};
		879F596823F4D03F00D4D124 /* Model */ = {
			isa = PBXGroup;
			children = (
				87F68A6B23EF2C8C00D4C454 /* ModelVacancies.swift */,
				87329D00240463EB0089E9EF /* ModelUsers.swift */,
				87C9097123FB0B4E00C262FC /* ModelCategories.swift */,
			);
			path = Model;
			sourceTree = "<group>";
		};
		879F599523F99F2300D4D124 /* Navigation */ = {
			isa = PBXGroup;
			children = (
				879F599123F99A6900D4D124 /* NavigationController.swift */,
				879F598F23F9797A00D4D124 /* TabBarController.swift */,
			);
			path = Navigation;
			sourceTree = "<group>";
		};
		87D65A0B240852F20093D75F /* HelperExtensions */ = {
			isa = PBXGroup;
			children = (
				87D65A0C240853170093D75F /* HelperExtensions.swift */,
			);
			name = HelperExtensions;
			sourceTree = "<group>";
		};
		EB92BD2BD420574FCD1128ED /* Frameworks */ = {
			isa = PBXGroup;
			children = (
				96DE5FD1B171A263ADB1953C /* Pods_TapWork.framework */,
			);
			name = Frameworks;
			sourceTree = "<group>";
		};
/* End PBXGroup section */

/* Begin PBXNativeTarget section */
		871D174D23C8F6350095C765 /* TapWork */ = {
			isa = PBXNativeTarget;
			buildConfigurationList = 871D176223C8F6360095C765 /* Build configuration list for PBXNativeTarget "TapWork" */;
			buildPhases = (
				8E2B9868E10D5FA7DA5EED99 /* [CP] Check Pods Manifest.lock */,
				871D174A23C8F6350095C765 /* Sources */,
				871D174B23C8F6350095C765 /* Frameworks */,
				871D174C23C8F6350095C765 /* Resources */,
				8DDDB5F8C13863D9D56EDF0C /* [CP] Embed Pods Frameworks */,
			);
			buildRules = (
			);
			dependencies = (
			);
			name = TapWork;
			productName = TapWork;
			productReference = 871D174E23C8F6350095C765 /* TapWork.app */;
			productType = "com.apple.product-type.application";
		};
/* End PBXNativeTarget section */

/* Begin PBXProject section */
		871D174623C8F6350095C765 /* Project object */ = {
			isa = PBXProject;
			attributes = {
				LastSwiftUpdateCheck = 1130;
				LastUpgradeCheck = 1130;
				ORGANIZATIONNAME = "Сергей";
				TargetAttributes = {
					871D174D23C8F6350095C765 = {
						CreatedOnToolsVersion = 11.3;
					};
				};
			};
			buildConfigurationList = 871D174923C8F6350095C765 /* Build configuration list for PBXProject "TapWork" */;
			compatibilityVersion = "Xcode 9.3";
			developmentRegion = en;
			hasScannedForEncodings = 0;
			knownRegions = (
				en,
				Base,
			);
			mainGroup = 871D174523C8F6350095C765;
			productRefGroup = 871D174F23C8F6350095C765 /* Products */;
			projectDirPath = "";
			projectRoot = "";
			targets = (
				871D174D23C8F6350095C765 /* TapWork */,
			);
		};
/* End PBXProject section */

/* Begin PBXResourcesBuildPhase section */
		871D174C23C8F6350095C765 /* Resources */ = {
			isa = PBXResourcesBuildPhase;
			buildActionMask = 2147483647;
			files = (
				87D65A0A240816A20093D75F /* GoogleService-Info.plist in Resources */,
				871D175E23C8F6360095C765 /* LaunchScreen.storyboard in Resources */,
				871D175B23C8F6360095C765 /* Assets.xcassets in Resources */,
				871D175923C8F6350095C765 /* Main.storyboard in Resources */,
			);
			runOnlyForDeploymentPostprocessing = 0;
		};
/* End PBXResourcesBuildPhase section */

/* Begin PBXShellScriptBuildPhase section */
		8DDDB5F8C13863D9D56EDF0C /* [CP] Embed Pods Frameworks */ = {
			isa = PBXShellScriptBuildPhase;
			buildActionMask = 2147483647;
			files = (
			);
			inputFileListPaths = (
				"${PODS_ROOT}/Target Support Files/Pods-TapWork/Pods-TapWork-frameworks-${CONFIGURATION}-input-files.xcfilelist",
			);
			name = "[CP] Embed Pods Frameworks";
			outputFileListPaths = (
				"${PODS_ROOT}/Target Support Files/Pods-TapWork/Pods-TapWork-frameworks-${CONFIGURATION}-output-files.xcfilelist",
			);
			runOnlyForDeploymentPostprocessing = 0;
			shellPath = /bin/sh;
			shellScript = "\"${PODS_ROOT}/Target Support Files/Pods-TapWork/Pods-TapWork-frameworks.sh\"\n";
			showEnvVarsInLog = 0;
		};
		8E2B9868E10D5FA7DA5EED99 /* [CP] Check Pods Manifest.lock */ = {
			isa = PBXShellScriptBuildPhase;
			buildActionMask = 2147483647;
			files = (
			);
			inputFileListPaths = (
			);
			inputPaths = (
				"${PODS_PODFILE_DIR_PATH}/Podfile.lock",
				"${PODS_ROOT}/Manifest.lock",
			);
			name = "[CP] Check Pods Manifest.lock";
			outputFileListPaths = (
			);
			outputPaths = (
				"$(DERIVED_FILE_DIR)/Pods-TapWork-checkManifestLockResult.txt",
			);
			runOnlyForDeploymentPostprocessing = 0;
			shellPath = /bin/sh;
			shellScript = "diff \"${PODS_PODFILE_DIR_PATH}/Podfile.lock\" \"${PODS_ROOT}/Manifest.lock\" > /dev/null\nif [ $? != 0 ] ; then\n    # print error to STDERR\n    echo \"error: The sandbox is not in sync with the Podfile.lock. Run 'pod install' or update your CocoaPods installation.\" >&2\n    exit 1\nfi\n# This output is used by Xcode 'outputs' to avoid re-running this script phase.\necho \"SUCCESS\" > \"${SCRIPT_OUTPUT_FILE_0}\"\n";
			showEnvVarsInLog = 0;
		};
/* End PBXShellScriptBuildPhase section */

/* Begin PBXSourcesBuildPhase section */
		871D174A23C8F6350095C765 /* Sources */ = {
			isa = PBXSourcesBuildPhase;
			buildActionMask = 2147483647;
			files = (
				87F68A6E23EF2F4400D4C454 /* VacansyTableViewCell.swift in Sources */,
				87329CFE240360F40089E9EF /* AccountUserViewController.swift in Sources */,
				8768965C23F9F87400E17CC1 /* AddVacansyController.swift in Sources */,
				879F599023F9797A00D4D124 /* TabBarController.swift in Sources */,
				871397CF23FCBF3800FB7732 /* SpecializationCell.swift in Sources */,
				87F68A7023EF7E2200D4C454 /* ShowInfoVacansyViewController.swift in Sources */,
				87BB3BA223F9D691004F3C61 /* CategoriesController.swift in Sources */,
				87F68A6A23EF2B8500D4C454 /* MainScreenController.swift in Sources */,
				879F599223F99A6900D4D124 /* NavigationController.swift in Sources */,
				87F68A6C23EF2C8C00D4C454 /* ModelVacancies.swift in Sources */,
				879F599723F9A0A400D4D124 /* RegisterAccountController.swift in Sources */,
				879F599423F99F0D00D4D124 /* LoginAccountViewController.swift in Sources */,
				871D175223C8F6350095C765 /* AppDelegate.swift in Sources */,
				870B9D6B240DDDD0006EB3EC /* LaunchScreenViewController.swift in Sources */,
				87329D01240463EB0089E9EF /* ModelUsers.swift in Sources */,
				871397CB23FCBC5900FB7732 /* SpecializationController.swift in Sources */,
				871D175423C8F6350095C765 /* SceneDelegate.swift in Sources */,
				879F596A23F4D0C200D4D124 /* ResponseViewController.swift in Sources */,
				87D65A0D240853170093D75F /* HelperExtensions.swift in Sources */,
				87C9097223FB0B4E00C262FC /* ModelCategories.swift in Sources */,
				87C9097423FB1FA700C262FC /* CategoryCell.swift in Sources */,
			);
			runOnlyForDeploymentPostprocessing = 0;
		};
/* End PBXSourcesBuildPhase section */

/* Begin PBXVariantGroup section */
		871D175723C8F6350095C765 /* Main.storyboard */ = {
			isa = PBXVariantGroup;
			children = (
				871D175823C8F6350095C765 /* Base */,
			);
			name = Main.storyboard;
			sourceTree = "<group>";
		};
		871D175C23C8F6360095C765 /* LaunchScreen.storyboard */ = {
			isa = PBXVariantGroup;
			children = (
				871D175D23C8F6360095C765 /* Base */,
			);
			name = LaunchScreen.storyboard;
			sourceTree = "<group>";
		};
/* End PBXVariantGroup section */

/* Begin XCBuildConfiguration section */
		871D176023C8F6360095C765 /* Debug */ = {
			isa = XCBuildConfiguration;
			buildSettings = {
				ALWAYS_SEARCH_USER_PATHS = NO;
				CLANG_ANALYZER_NONNULL = YES;
				CLANG_ANALYZER_NUMBER_OBJECT_CONVERSION = YES_AGGRESSIVE;
				CLANG_CXX_LANGUAGE_STANDARD = "gnu++14";
				CLANG_CXX_LIBRARY = "libc++";
				CLANG_ENABLE_MODULES = YES;
				CLANG_ENABLE_OBJC_ARC = YES;
				CLANG_ENABLE_OBJC_WEAK = YES;
				CLANG_WARN_BLOCK_CAPTURE_AUTORELEASING = YES;
				CLANG_WARN_BOOL_CONVERSION = YES;
				CLANG_WARN_COMMA = YES;
				CLANG_WARN_CONSTANT_CONVERSION = YES;
				CLANG_WARN_DEPRECATED_OBJC_IMPLEMENTATIONS = YES;
				CLANG_WARN_DIRECT_OBJC_ISA_USAGE = YES_ERROR;
				CLANG_WARN_DOCUMENTATION_COMMENTS = YES;
				CLANG_WARN_EMPTY_BODY = YES;
				CLANG_WARN_ENUM_CONVERSION = YES;
				CLANG_WARN_INFINITE_RECURSION = YES;
				CLANG_WARN_INT_CONVERSION = YES;
				CLANG_WARN_NON_LITERAL_NULL_CONVERSION = YES;
				CLANG_WARN_OBJC_IMPLICIT_RETAIN_SELF = YES;
				CLANG_WARN_OBJC_LITERAL_CONVERSION = YES;
				CLANG_WARN_OBJC_ROOT_CLASS = YES_ERROR;
				CLANG_WARN_RANGE_LOOP_ANALYSIS = YES;
				CLANG_WARN_STRICT_PROTOTYPES = YES;
				CLANG_WARN_SUSPICIOUS_MOVE = YES;
				CLANG_WARN_UNGUARDED_AVAILABILITY = YES_AGGRESSIVE;
				CLANG_WARN_UNREACHABLE_CODE = YES;
				CLANG_WARN__DUPLICATE_METHOD_MATCH = YES;
				COPY_PHASE_STRIP = NO;
				DEBUG_INFORMATION_FORMAT = dwarf;
				ENABLE_STRICT_OBJC_MSGSEND = YES;
				ENABLE_TESTABILITY = YES;
				GCC_C_LANGUAGE_STANDARD = gnu11;
				GCC_DYNAMIC_NO_PIC = NO;
				GCC_NO_COMMON_BLOCKS = YES;
				GCC_OPTIMIZATION_LEVEL = 0;
				GCC_PREPROCESSOR_DEFINITIONS = (
					"DEBUG=1",
					"$(inherited)",
				);
				GCC_WARN_64_TO_32_BIT_CONVERSION = YES;
				GCC_WARN_ABOUT_RETURN_TYPE = YES_ERROR;
				GCC_WARN_UNDECLARED_SELECTOR = YES;
				GCC_WARN_UNINITIALIZED_AUTOS = YES_AGGRESSIVE;
				GCC_WARN_UNUSED_FUNCTION = YES;
				GCC_WARN_UNUSED_VARIABLE = YES;
				IPHONEOS_DEPLOYMENT_TARGET = 13.2;
				MTL_ENABLE_DEBUG_INFO = INCLUDE_SOURCE;
				MTL_FAST_MATH = YES;
				ONLY_ACTIVE_ARCH = YES;
				SDKROOT = iphoneos;
				SWIFT_ACTIVE_COMPILATION_CONDITIONS = DEBUG;
				SWIFT_OPTIMIZATION_LEVEL = "-Onone";
			};
			name = Debug;
		};
		871D176123C8F6360095C765 /* Release */ = {
			isa = XCBuildConfiguration;
			buildSettings = {
				ALWAYS_SEARCH_USER_PATHS = NO;
				CLANG_ANALYZER_NONNULL = YES;
				CLANG_ANALYZER_NUMBER_OBJECT_CONVERSION = YES_AGGRESSIVE;
				CLANG_CXX_LANGUAGE_STANDARD = "gnu++14";
				CLANG_CXX_LIBRARY = "libc++";
				CLANG_ENABLE_MODULES = YES;
				CLANG_ENABLE_OBJC_ARC = YES;
				CLANG_ENABLE_OBJC_WEAK = YES;
				CLANG_WARN_BLOCK_CAPTURE_AUTORELEASING = YES;
				CLANG_WARN_BOOL_CONVERSION = YES;
				CLANG_WARN_COMMA = YES;
				CLANG_WARN_CONSTANT_CONVERSION = YES;
				CLANG_WARN_DEPRECATED_OBJC_IMPLEMENTATIONS = YES;
				CLANG_WARN_DIRECT_OBJC_ISA_USAGE = YES_ERROR;
				CLANG_WARN_DOCUMENTATION_COMMENTS = YES;
				CLANG_WARN_EMPTY_BODY = YES;
				CLANG_WARN_ENUM_CONVERSION = YES;
				CLANG_WARN_INFINITE_RECURSION = YES;
				CLANG_WARN_INT_CONVERSION = YES;
				CLANG_WARN_NON_LITERAL_NULL_CONVERSION = YES;
				CLANG_WARN_OBJC_IMPLICIT_RETAIN_SELF = YES;
				CLANG_WARN_OBJC_LITERAL_CONVERSION = YES;
				CLANG_WARN_OBJC_ROOT_CLASS = YES_ERROR;
				CLANG_WARN_RANGE_LOOP_ANALYSIS = YES;
				CLANG_WARN_STRICT_PROTOTYPES = YES;
				CLANG_WARN_SUSPICIOUS_MOVE = YES;
				CLANG_WARN_UNGUARDED_AVAILABILITY = YES_AGGRESSIVE;
				CLANG_WARN_UNREACHABLE_CODE = YES;
				CLANG_WARN__DUPLICATE_METHOD_MATCH = YES;
				COPY_PHASE_STRIP = NO;
				DEBUG_INFORMATION_FORMAT = "dwarf-with-dsym";
				ENABLE_NS_ASSERTIONS = NO;
				ENABLE_STRICT_OBJC_MSGSEND = YES;
				GCC_C_LANGUAGE_STANDARD = gnu11;
				GCC_NO_COMMON_BLOCKS = YES;
				GCC_WARN_64_TO_32_BIT_CONVERSION = YES;
				GCC_WARN_ABOUT_RETURN_TYPE = YES_ERROR;
				GCC_WARN_UNDECLARED_SELECTOR = YES;
				GCC_WARN_UNINITIALIZED_AUTOS = YES_AGGRESSIVE;
				GCC_WARN_UNUSED_FUNCTION = YES;
				GCC_WARN_UNUSED_VARIABLE = YES;
				IPHONEOS_DEPLOYMENT_TARGET = 13.2;
				MTL_ENABLE_DEBUG_INFO = NO;
				MTL_FAST_MATH = YES;
				SDKROOT = iphoneos;
				SWIFT_COMPILATION_MODE = wholemodule;
				SWIFT_OPTIMIZATION_LEVEL = "-O";
				VALIDATE_PRODUCT = YES;
			};
			name = Release;
		};
		871D176323C8F6360095C765 /* Debug */ = {
			isa = XCBuildConfiguration;
			baseConfigurationReference = EC08CC48E8067813AB071D7E /* Pods-TapWork.debug.xcconfig */;
			buildSettings = {
				ASSETCATALOG_COMPILER_APPICON_NAME = AppIcon;
				CODE_SIGN_STYLE = Automatic;
				DEVELOPMENT_TEAM = W9Z3YC6W2U;
				INFOPLIST_FILE = TapWork/Info.plist;
				IPHONEOS_DEPLOYMENT_TARGET = 13.0;
				LD_RUNPATH_SEARCH_PATHS = (
					"$(inherited)",
					"@executable_path/Frameworks",
				);
				PRODUCT_BUNDLE_IDENTIFIER = "-.TapWork";
				PRODUCT_NAME = "$(TARGET_NAME)";
				SWIFT_VERSION = 5.0;
				TARGETED_DEVICE_FAMILY = "1,2";
			};
			name = Debug;
		};
		871D176423C8F6360095C765 /* Release */ = {
			isa = XCBuildConfiguration;
			baseConfigurationReference = 350CE8BA8C3B942105F6513A /* Pods-TapWork.release.xcconfig */;
			buildSettings = {
				ASSETCATALOG_COMPILER_APPICON_NAME = AppIcon;
				CODE_SIGN_STYLE = Automatic;
				DEVELOPMENT_TEAM = W9Z3YC6W2U;
				INFOPLIST_FILE = TapWork/Info.plist;
				IPHONEOS_DEPLOYMENT_TARGET = 13.0;
				LD_RUNPATH_SEARCH_PATHS = (
					"$(inherited)",
					"@executable_path/Frameworks",
				);
				PRODUCT_BUNDLE_IDENTIFIER = "-.TapWork";
				PRODUCT_NAME = "$(TARGET_NAME)";
				SWIFT_VERSION = 5.0;
				TARGETED_DEVICE_FAMILY = "1,2";
			};
			name = Release;
		};
/* End XCBuildConfiguration section */

/* Begin XCConfigurationList section */
		871D174923C8F6350095C765 /* Build configuration list for PBXProject "TapWork" */ = {
			isa = XCConfigurationList;
			buildConfigurations = (
				871D176023C8F6360095C765 /* Debug */,
				871D176123C8F6360095C765 /* Release */,
			);
			defaultConfigurationIsVisible = 0;
			defaultConfigurationName = Release;
		};
		871D176223C8F6360095C765 /* Build configuration list for PBXNativeTarget "TapWork" */ = {
			isa = XCConfigurationList;
			buildConfigurations = (
				871D176323C8F6360095C765 /* Debug */,
				871D176423C8F6360095C765 /* Release */,
			);
			defaultConfigurationIsVisible = 0;
			defaultConfigurationName = Release;
		};
/* End XCConfigurationList section */
	};
	rootObject = 871D174623C8F6350095C765 /* Project object */;
}
