// !$*UTF8*$!
{
	archiveVersion = 1;
	classes = {
	};
	objectVersion = 50;
	objects = {

/* Begin PBXBuildFile section */
		871D175223C8F6350095C765 /* AppDelegate.swift in Sources */ = {isa = PBXBuildFile; fileRef = 871D175123C8F6350095C765 /* AppDelegate.swift */; };
		871D175423C8F6350095C765 /* SceneDelegate.swift in Sources */ = {isa = PBXBuildFile; fileRef = 871D175323C8F6350095C765 /* SceneDelegate.swift */; };
		871D175923C8F6350095C765 /* Main.storyboard in Resources */ = {isa = PBXBuildFile; fileRef = 871D175723C8F6350095C765 /* Main.storyboard */; };
		871D175B23C8F6360095C765 /* Assets.xcassets in Resources */ = {isa = PBXBuildFile; fileRef = 871D175A23C8F6360095C765 /* Assets.xcassets */; };
		871D175E23C8F6360095C765 /* LaunchScreen.storyboard in Resources */ = {isa = PBXBuildFile; fileRef = 871D175C23C8F6360095C765 /* LaunchScreen.storyboard */; };
		87F68A6A23EF2B8500D4C454 /* MainScreenTableViewController.swift in Sources */ = {isa = PBXBuildFile; fileRef = 87F68A6923EF2B8500D4C454 /* MainScreenTableViewController.swift */; };
		87F68A6C23EF2C8C00D4C454 /* ModelVacancies.swift in Sources */ = {isa = PBXBuildFile; fileRef = 87F68A6B23EF2C8C00D4C454 /* ModelVacancies.swift */; };
		87F68A6E23EF2F4400D4C454 /* VacansyTableViewCell.swift in Sources */ = {isa = PBXBuildFile; fileRef = 87F68A6D23EF2F4400D4C454 /* VacansyTableViewCell.swift */; };
		87F68A7023EF7E2200D4C454 /* ShowInfoVacansyViewController.swift in Sources */ = {isa = PBXBuildFile; fileRef = 87F68A6F23EF7E2200D4C454 /* ShowInfoVacansyViewController.swift */; };
/* End PBXBuildFile section */

/* Begin PBXFileReference section */
		871D174E23C8F6350095C765 /* TapWork.app */ = {isa = PBXFileReference; explicitFileType = wrapper.application; includeInIndex = 0; path = TapWork.app; sourceTree = BUILT_PRODUCTS_DIR; };
		871D175123C8F6350095C765 /* AppDelegate.swift */ = {isa = PBXFileReference; lastKnownFileType = sourcecode.swift; path = AppDelegate.swift; sourceTree = "<group>"; };
		871D175323C8F6350095C765 /* SceneDelegate.swift */ = {isa = PBXFileReference; lastKnownFileType = sourcecode.swift; path = SceneDelegate.swift; sourceTree = "<group>"; };
		871D175823C8F6350095C765 /* Base */ = {isa = PBXFileReference; lastKnownFileType = file.storyboard; name = Base; path = Base.lproj/Main.storyboard; sourceTree = "<group>"; };
		871D175A23C8F6360095C765 /* Assets.xcassets */ = {isa = PBXFileReference; lastKnownFileType = folder.assetcatalog; path = Assets.xcassets; sourceTree = "<group>"; };
		871D175D23C8F6360095C765 /* Base */ = {isa = PBXFileReference; lastKnownFileType = file.storyboard; name = Base; path = Base.lproj/LaunchScreen.storyboard; sourceTree = "<group>"; };
		871D175F23C8F6360095C765 /* Info.plist */ = {isa = PBXFileReference; lastKnownFileType = text.plist.xml; path = Info.plist; sourceTree = "<group>"; };
		87F68A6923EF2B8500D4C454 /* MainScreenTableViewController.swift */ = {isa = PBXFileReference; lastKnownFileType = sourcecode.swift; path = MainScreenTableViewController.swift; sourceTree = "<group>"; };
		87F68A6B23EF2C8C00D4C454 /* ModelVacancies.swift */ = {isa = PBXFileReference; lastKnownFileType = sourcecode.swift; path = ModelVacancies.swift; sourceTree = "<group>"; };
		87F68A6D23EF2F4400D4C454 /* VacansyTableViewCell.swift */ = {isa = PBXFileReference; lastKnownFileType = sourcecode.swift; path = VacansyTableViewCell.swift; sourceTree = "<group>"; };
		87F68A6F23EF7E2200D4C454 /* ShowInfoVacansyViewController.swift */ = {isa = PBXFileReference; lastKnownFileType = sourcecode.swift; path = ShowInfoVacansyViewController.swift; sourceTree = "<group>"; };
/* End PBXFileReference section */

/* Begin PBXFrameworksBuildPhase section */
		871D174B23C8F6350095C765 /* Frameworks */ = {
			isa = PBXFrameworksBuildPhase;
			buildActionMask = 2147483647;
			files = (
			);
			runOnlyForDeploymentPostprocessing = 0;
		};
/* End PBXFrameworksBuildPhase section */

/* Begin PBXGroup section */
		871D174523C8F6350095C765 = {
			isa = PBXGroup;
			children = (
				871D175023C8F6350095C765 /* TapWork */,
				871D174F23C8F6350095C765 /* Products */,
			);
			sourceTree = "<group>";
		};
		871D174F23C8F6350095C765 /* Products */ = {
			isa = PBXGroup;
			children = (
				871D174E23C8F6350095C765 /* TapWork.app */,
			);
			name = Products;
			sourceTree = "<group>";
		};
		871D175023C8F6350095C765 /* TapWork */ = {
			isa = PBXGroup;
			children = (
				871D175123C8F6350095C765 /* AppDelegate.swift */,
				871D175323C8F6350095C765 /* SceneDelegate.swift */,
				87F68A6923EF2B8500D4C454 /* MainScreenTableViewController.swift */,
				87F68A6F23EF7E2200D4C454 /* ShowInfoVacansyViewController.swift */,
				87F68A6D23EF2F4400D4C454 /* VacansyTableViewCell.swift */,
				871D175723C8F6350095C765 /* Main.storyboard */,
				87F68A6B23EF2C8C00D4C454 /* ModelVacancies.swift */,
				871D175A23C8F6360095C765 /* Assets.xcassets */,
				871D175C23C8F6360095C765 /* LaunchScreen.storyboard */,
				871D175F23C8F6360095C765 /* Info.plist */,
			);
			path = TapWork;
			sourceTree = "<group>";
		};
/* End PBXGroup section */

/* Begin PBXNativeTarget section */
		871D174D23C8F6350095C765 /* TapWork */ = {
			isa = PBXNativeTarget;
			buildConfigurationList = 871D176223C8F6360095C765 /* Build configuration list for PBXNativeTarget "TapWork" */;
			buildPhases = (
				871D174A23C8F6350095C765 /* Sources */,
				871D174B23C8F6350095C765 /* Frameworks */,
				871D174C23C8F6350095C765 /* Resources */,
			);
			buildRules = (
			);
			dependencies = (
			);
			name = TapWork;
			productName = TapWork;
			productReference = 871D174E23C8F6350095C765 /* TapWork.app */;
			productType = "com.apple.product-type.application";
		};
/* End PBXNativeTarget section */

/* Begin PBXProject section */
		871D174623C8F6350095C765 /* Project object */ = {
			isa = PBXProject;
			attributes = {
				LastSwiftUpdateCheck = 1130;
				LastUpgradeCheck = 1130;
				ORGANIZATIONNAME = "Сергей";
				TargetAttributes = {
					871D174D23C8F6350095C765 = {
						CreatedOnToolsVersion = 11.3;
					};
				};
			};
			buildConfigurationList = 871D174923C8F6350095C765 /* Build configuration list for PBXProject "TapWork" */;
			compatibilityVersion = "Xcode 9.3";
			developmentRegion = en;
			hasScannedForEncodings = 0;
			knownRegions = (
				en,
				Base,
			);
			mainGroup = 871D174523C8F6350095C765;
			productRefGroup = 871D174F23C8F6350095C765 /* Products */;
			projectDirPath = "";
			projectRoot = "";
			targets = (
				871D174D23C8F6350095C765 /* TapWork */,
			);
		};
/* End PBXProject section */

/* Begin PBXResourcesBuildPhase section */
		871D174C23C8F6350095C765 /* Resources */ = {
			isa = PBXResourcesBuildPhase;
			buildActionMask = 2147483647;
			files = (
				871D175E23C8F6360095C765 /* LaunchScreen.storyboard in Resources */,
				871D175B23C8F6360095C765 /* Assets.xcassets in Resources */,
				871D175923C8F6350095C765 /* Main.storyboard in Resources */,
			);
			runOnlyForDeploymentPostprocessing = 0;
		};
/* End PBXResourcesBuildPhase section */

/* Begin PBXSourcesBuildPhase section */
		871D174A23C8F6350095C765 /* Sources */ = {
			isa = PBXSourcesBuildPhase;
			buildActionMask = 2147483647;
			files = (
				87F68A6E23EF2F4400D4C454 /* VacansyTableViewCell.swift in Sources */,
				87F68A7023EF7E2200D4C454 /* ShowInfoVacansyViewController.swift in Sources */,
				87F68A6A23EF2B8500D4C454 /* MainScreenTableViewController.swift in Sources */,
				87F68A6C23EF2C8C00D4C454 /* ModelVacancies.swift in Sources */,
				871D175223C8F6350095C765 /* AppDelegate.swift in Sources */,
				871D175423C8F6350095C765 /* SceneDelegate.swift in Sources */,
			);
			runOnlyForDeploymentPostprocessing = 0;
		};
/* End PBXSourcesBuildPhase section */

/* Begin PBXVariantGroup section */
		871D175723C8F6350095C765 /* Main.storyboard */ = {
			isa = PBXVariantGroup;
			children = (
				871D175823C8F6350095C765 /* Base */,
			);
			name = Main.storyboard;
			sourceTree = "<group>";
		};
		871D175C23C8F6360095C765 /* LaunchScreen.storyboard */ = {
			isa = PBXVariantGroup;
			children = (
				871D175D23C8F6360095C765 /* Base */,
			);
			name = LaunchScreen.storyboard;
			sourceTree = "<group>";
		};
/* End PBXVariantGroup section */

/* Begin XCBuildConfiguration section */
		871D176023C8F6360095C765 /* Debug */ = {
			isa = XCBuildConfiguration;
			buildSettings = {
				ALWAYS_SEARCH_USER_PATHS = NO;
				CLANG_ANALYZER_NONNULL = YES;
				CLANG_ANALYZER_NUMBER_OBJECT_CONVERSION = YES_AGGRESSIVE;
				CLANG_CXX_LANGUAGE_STANDARD = "gnu++14";
				CLANG_CXX_LIBRARY = "libc++";
				CLANG_ENABLE_MODULES = YES;
				CLANG_ENABLE_OBJC_ARC = YES;
				CLANG_ENABLE_OBJC_WEAK = YES;
				CLANG_WARN_BLOCK_CAPTURE_AUTORELEASING = YES;
				CLANG_WARN_BOOL_CONVERSION = YES;
				CLANG_WARN_COMMA = YES;
				CLANG_WARN_CONSTANT_CONVERSION = YES;
				CLANG_WARN_DEPRECATED_OBJC_IMPLEMENTATIONS = YES;
				CLANG_WARN_DIRECT_OBJC_ISA_USAGE = YES_ERROR;
				CLANG_WARN_DOCUMENTATION_COMMENTS = YES;
				CLANG_WARN_EMPTY_BODY = YES;
				CLANG_WARN_ENUM_CONVERSION = YES;
				CLANG_WARN_INFINITE_RECURSION = YES;
				CLANG_WARN_INT_CONVERSION = YES;
				CLANG_WARN_NON_LITERAL_NULL_CONVERSION = YES;
				CLANG_WARN_OBJC_IMPLICIT_RETAIN_SELF = YES;
				CLANG_WARN_OBJC_LITERAL_CONVERSION = YES;
				CLANG_WARN_OBJC_ROOT_CLASS = YES_ERROR;
				CLANG_WARN_RANGE_LOOP_ANALYSIS = YES;
				CLANG_WARN_STRICT_PROTOTYPES = YES;
				CLANG_WARN_SUSPICIOUS_MOVE = YES;
				CLANG_WARN_UNGUARDED_AVAILABILITY = YES_AGGRESSIVE;
				CLANG_WARN_UNREACHABLE_CODE = YES;
				CLANG_WARN__DUPLICATE_METHOD_MATCH = YES;
				COPY_PHASE_STRIP = NO;
				DEBUG_INFORMATION_FORMAT = dwarf;
				ENABLE_STRICT_OBJC_MSGSEND = YES;
				ENABLE_TESTABILITY = YES;
				GCC_C_LANGUAGE_STANDARD = gnu11;
				GCC_DYNAMIC_NO_PIC = NO;
				GCC_NO_COMMON_BLOCKS = YES;
				GCC_OPTIMIZATION_LEVEL = 0;
				GCC_PREPROCESSOR_DEFINITIONS = (
					"DEBUG=1",
					"$(inherited)",
				);
				GCC_WARN_64_TO_32_BIT_CONVERSION = YES;
				GCC_WARN_ABOUT_RETURN_TYPE = YES_ERROR;
				GCC_WARN_UNDECLARED_SELECTOR = YES;
				GCC_WARN_UNINITIALIZED_AUTOS = YES_AGGRESSIVE;
				GCC_WARN_UNUSED_FUNCTION = YES;
				GCC_WARN_UNUSED_VARIABLE = YES;
				IPHONEOS_DEPLOYMENT_TARGET = 13.2;
				MTL_ENABLE_DEBUG_INFO = INCLUDE_SOURCE;
				MTL_FAST_MATH = YES;
				ONLY_ACTIVE_ARCH = YES;
				SDKROOT = iphoneos;
				SWIFT_ACTIVE_COMPILATION_CONDITIONS = DEBUG;
				SWIFT_OPTIMIZATION_LEVEL = "-Onone";
			};
			name = Debug;
		};
		871D176123C8F6360095C765 /* Release */ = {
			isa = XCBuildConfiguration;
			buildSettings = {
				ALWAYS_SEARCH_USER_PATHS = NO;
				CLANG_ANALYZER_NONNULL = YES;
				CLANG_ANALYZER_NUMBER_OBJECT_CONVERSION = YES_AGGRESSIVE;
				CLANG_CXX_LANGUAGE_STANDARD = "gnu++14";
				CLANG_CXX_LIBRARY = "libc++";
				CLANG_ENABLE_MODULES = YES;
				CLANG_ENABLE_OBJC_ARC = YES;
				CLANG_ENABLE_OBJC_WEAK = YES;
				CLANG_WARN_BLOCK_CAPTURE_AUTORELEASING = YES;
				CLANG_WARN_BOOL_CONVERSION = YES;
				CLANG_WARN_COMMA = YES;
				CLANG_WARN_CONSTANT_CONVERSION = YES;
				CLANG_WARN_DEPRECATED_OBJC_IMPLEMENTATIONS = YES;
				CLANG_WARN_DIRECT_OBJC_ISA_USAGE = YES_ERROR;
				CLANG_WARN_DOCUMENTATION_COMMENTS = YES;
				CLANG_WARN_EMPTY_BODY = YES;
				CLANG_WARN_ENUM_CONVERSION = YES;
				CLANG_WARN_INFINITE_RECURSION = YES;
				CLANG_WARN_INT_CONVERSION = YES;
				CLANG_WARN_NON_LITERAL_NULL_CONVERSION = YES;
				CLANG_WARN_OBJC_IMPLICIT_RETAIN_SELF = YES;
				CLANG_WARN_OBJC_LITERAL_CONVERSION = YES;
				CLANG_WARN_OBJC_ROOT_CLASS = YES_ERROR;
				CLANG_WARN_RANGE_LOOP_ANALYSIS = YES;
				CLANG_WARN_STRICT_PROTOTYPES = YES;
				CLANG_WARN_SUSPICIOUS_MOVE = YES;
				CLANG_WARN_UNGUARDED_AVAILABILITY = YES_AGGRESSIVE;
				CLANG_WARN_UNREACHABLE_CODE = YES;
				CLANG_WARN__DUPLICATE_METHOD_MATCH = YES;
				COPY_PHASE_STRIP = NO;
				DEBUG_INFORMATION_FORMAT = "dwarf-with-dsym";
				ENABLE_NS_ASSERTIONS = NO;
				ENABLE_STRICT_OBJC_MSGSEND = YES;
				GCC_C_LANGUAGE_STANDARD = gnu11;
				GCC_NO_COMMON_BLOCKS = YES;
				GCC_WARN_64_TO_32_BIT_CONVERSION = YES;
				GCC_WARN_ABOUT_RETURN_TYPE = YES_ERROR;
				GCC_WARN_UNDECLARED_SELECTOR = YES;
				GCC_WARN_UNINITIALIZED_AUTOS = YES_AGGRESSIVE;
				GCC_WARN_UNUSED_FUNCTION = YES;
				GCC_WARN_UNUSED_VARIABLE = YES;
				IPHONEOS_DEPLOYMENT_TARGET = 13.2;
				MTL_ENABLE_DEBUG_INFO = NO;
				MTL_FAST_MATH = YES;
				SDKROOT = iphoneos;
				SWIFT_COMPILATION_MODE = wholemodule;
				SWIFT_OPTIMIZATION_LEVEL = "-O";
				VALIDATE_PRODUCT = YES;
			};
			name = Release;
		};
		871D176323C8F6360095C765 /* Debug */ = {
			isa = XCBuildConfiguration;
			buildSettings = {
				ASSETCATALOG_COMPILER_APPICON_NAME = AppIcon;
				CODE_SIGN_STYLE = Automatic;
				DEVELOPMENT_TEAM = W9Z3YC6W2U;
				INFOPLIST_FILE = TapWork/Info.plist;
				LD_RUNPATH_SEARCH_PATHS = (
					"$(inherited)",
					"@executable_path/Frameworks",
				);
				PRODUCT_BUNDLE_IDENTIFIER = "-.TapWork";
				PRODUCT_NAME = "$(TARGET_NAME)";
				SWIFT_VERSION = 5.0;
				TARGETED_DEVICE_FAMILY = "1,2";
			};
			name = Debug;
		};
		871D176423C8F6360095C765 /* Release */ = {
			isa = XCBuildConfiguration;
			buildSettings = {
				ASSETCATALOG_COMPILER_APPICON_NAME = AppIcon;
				CODE_SIGN_STYLE = Automatic;
				DEVELOPMENT_TEAM = W9Z3YC6W2U;
				INFOPLIST_FILE = TapWork/Info.plist;
				LD_RUNPATH_SEARCH_PATHS = (
					"$(inherited)",
					"@executable_path/Frameworks",
				);
				PRODUCT_BUNDLE_IDENTIFIER = "-.TapWork";
				PRODUCT_NAME = "$(TARGET_NAME)";
				SWIFT_VERSION = 5.0;
				TARGETED_DEVICE_FAMILY = "1,2";
			};
			name = Release;
		};
/* End XCBuildConfiguration section */

/* Begin XCConfigurationList section */
		871D174923C8F6350095C765 /* Build configuration list for PBXProject "TapWork" */ = {
			isa = XCConfigurationList;
			buildConfigurations = (
				871D176023C8F6360095C765 /* Debug */,
				871D176123C8F6360095C765 /* Release */,
			);
			defaultConfigurationIsVisible = 0;
			defaultConfigurationName = Release;
		};
		871D176223C8F6360095C765 /* Build configuration list for PBXNativeTarget "TapWork" */ = {
			isa = XCConfigurationList;
			buildConfigurations = (
				871D176323C8F6360095C765 /* Debug */,
				871D176423C8F6360095C765 /* Release */,
			);
			defaultConfigurationIsVisible = 0;
			defaultConfigurationName = Release;
		};
/* End XCConfigurationList section */
	};
	rootObject = 871D174623C8F6350095C765 /* Project object */;
}
